// !$*UTF8*$!
{
	archiveVersion = 1;
	classes = {
	};
	objectVersion = 51;
	objects = {

/* Begin PBXBuildFile section */
		06AEDAB3E8E1DABCA4FC60E4 /* Pods_WallPaperDev_WallPaperDevUITests.framework in Frameworks */ = {isa = PBXBuildFile; fileRef = 086AB7A3367DA59F51FB9DBB /* Pods_WallPaperDev_WallPaperDevUITests.framework */; };
		4402347F2421E87B001DFBA3 /* CircleButton.swift in Sources */ = {isa = PBXBuildFile; fileRef = 4402347E2421E87B001DFBA3 /* CircleButton.swift */; };
		44105B252432AB5C005DD9D5 /* KabegamiTests.swift in Sources */ = {isa = PBXBuildFile; fileRef = 44105B242432AB5C005DD9D5 /* KabegamiTests.swift */; };
		44105B2E2432E4AD005DD9D5 /* CoreDataTests.swift in Sources */ = {isa = PBXBuildFile; fileRef = 44105B2D2432E4AD005DD9D5 /* CoreDataTests.swift */; };
		44105B30243326FF005DD9D5 /* WallPaperDev.xcdatamodeld in Sources */ = {isa = PBXBuildFile; fileRef = 5DD33D40233D3FD500137E3C /* WallPaperDev.xcdatamodeld */; };
		44105B3224332702005DD9D5 /* WallPaperDev.xcdatamodeld in Sources */ = {isa = PBXBuildFile; fileRef = 5DD33D40233D3FD500137E3C /* WallPaperDev.xcdatamodeld */; };
		44105B3324332702005DD9D5 /* WallPaperDev.xcdatamodeld in Sources */ = {isa = PBXBuildFile; fileRef = 5DD33D40233D3FD500137E3C /* WallPaperDev.xcdatamodeld */; };
		442D2E38234ECD6A00EE9991 /* GoalDetailViewModel.swift in Sources */ = {isa = PBXBuildFile; fileRef = 442D2E37234ECD6A00EE9991 /* GoalDetailViewModel.swift */; };
		443F7E48235683F700102331 /* MainCoordinator.swift in Sources */ = {isa = PBXBuildFile; fileRef = 443F7E47235683F700102331 /* MainCoordinator.swift */; };
		443F7E4D23569B1100102331 /* WelcomeViewController.swift in Sources */ = {isa = PBXBuildFile; fileRef = 443F7E4C23569B1100102331 /* WelcomeViewController.swift */; };
		443F7E502356A97C00102331 /* WelcomeCollectionView.swift in Sources */ = {isa = PBXBuildFile; fileRef = 443F7E4F2356A97C00102331 /* WelcomeCollectionView.swift */; };
		443F7E522356BFFE00102331 /* WelcomeCVLayout.swift in Sources */ = {isa = PBXBuildFile; fileRef = 443F7E512356BFFE00102331 /* WelcomeCVLayout.swift */; };
		443F7E542356DAE600102331 /* PageIndicator.swift in Sources */ = {isa = PBXBuildFile; fileRef = 443F7E532356DAE600102331 /* PageIndicator.swift */; };
		444955C123952DCB009A1618 /* UIFont+Extension.swift in Sources */ = {isa = PBXBuildFile; fileRef = 444955C023952DCB009A1618 /* UIFont+Extension.swift */; };
		444955C523995FD9009A1618 /* EditTextViewModel.swift in Sources */ = {isa = PBXBuildFile; fileRef = 444955C423995FD9009A1618 /* EditTextViewModel.swift */; };
		4495E41724297DC10042D3C8 /* ViewModelProtocol.swift in Sources */ = {isa = PBXBuildFile; fileRef = 4495E41624297DC10042D3C8 /* ViewModelProtocol.swift */; };
		44A93F3123FA20FD0040B589 /* JSONParameterEncoder.swift in Sources */ = {isa = PBXBuildFile; fileRef = 44A93F3023FA20FD0040B589 /* JSONParameterEncoder.swift */; };
		44A93F3423FA21890040B589 /* ParameterEncoding.swift in Sources */ = {isa = PBXBuildFile; fileRef = 44A93F3323FA21890040B589 /* ParameterEncoding.swift */; };
		44A93F3623FA21AF0040B589 /* URLParameterEncoder.swift in Sources */ = {isa = PBXBuildFile; fileRef = 44A93F3523FA21AF0040B589 /* URLParameterEncoder.swift */; };
		44A93F3D23FA22910040B589 /* HTTPMethod.swift in Sources */ = {isa = PBXBuildFile; fileRef = 44A93F3C23FA22910040B589 /* HTTPMethod.swift */; };
		44A93F3F23FA22B40040B589 /* HTTPTask.swift in Sources */ = {isa = PBXBuildFile; fileRef = 44A93F3E23FA22B40040B589 /* HTTPTask.swift */; };
		44A93F4123FA22D00040B589 /* NetworkRouter.swift in Sources */ = {isa = PBXBuildFile; fileRef = 44A93F4023FA22D00040B589 /* NetworkRouter.swift */; };
		44A93F4323FA22EA0040B589 /* Router.swift in Sources */ = {isa = PBXBuildFile; fileRef = 44A93F4223FA22EA0040B589 /* Router.swift */; };
		44A93F4523FA23140040B589 /* EndpointTypeProtocol.swift in Sources */ = {isa = PBXBuildFile; fileRef = 44A93F4423FA23140040B589 /* EndpointTypeProtocol.swift */; };
		44A93F4723FA235B0040B589 /* UnsplashEndpoint.swift in Sources */ = {isa = PBXBuildFile; fileRef = 44A93F4623FA235B0040B589 /* UnsplashEndpoint.swift */; };
		44A93F4923FA236B0040B589 /* NetworkManager.swift in Sources */ = {isa = PBXBuildFile; fileRef = 44A93F4823FA236B0040B589 /* NetworkManager.swift */; };
		44B56606234D165400DEBB86 /* BigBlueButton.swift in Sources */ = {isa = PBXBuildFile; fileRef = 44B56605234D165400DEBB86 /* BigBlueButton.swift */; };
		44B56608234D168C00DEBB86 /* CreateGoalView.swift in Sources */ = {isa = PBXBuildFile; fileRef = 44B56607234D168C00DEBB86 /* CreateGoalView.swift */; };
		44B5660A234D16C100DEBB86 /* BlueLabel.swift in Sources */ = {isa = PBXBuildFile; fileRef = 44B56609234D16C100DEBB86 /* BlueLabel.swift */; };
		44B5660C234D177400DEBB86 /* GoalNameTextField.swift in Sources */ = {isa = PBXBuildFile; fileRef = 44B5660B234D177400DEBB86 /* GoalNameTextField.swift */; };
		44C0B51C233023EF0015110B /* GoalDescriptionTextView.swift in Sources */ = {isa = PBXBuildFile; fileRef = 44C0B51B233023EF0015110B /* GoalDescriptionTextView.swift */; };
		44C0B51E23302A570015110B /* CreateImageViewController.swift in Sources */ = {isa = PBXBuildFile; fileRef = 44C0B51D23302A570015110B /* CreateImageViewController.swift */; };
		44C0B52023302A680015110B /* ImagePreviewViewController.swift in Sources */ = {isa = PBXBuildFile; fileRef = 44C0B51F23302A680015110B /* ImagePreviewViewController.swift */; };
		44C0B52423302C920015110B /* UINavigation+Extensions.swift in Sources */ = {isa = PBXBuildFile; fileRef = 44C0B52323302C920015110B /* UINavigation+Extensions.swift */; };
		44C0B52623302FE80015110B /* ImagesSelectionCV.swift in Sources */ = {isa = PBXBuildFile; fileRef = 44C0B52523302FE80015110B /* ImagesSelectionCV.swift */; };
		44C0B5282330341A0015110B /* ImageSelectionLayout.swift in Sources */ = {isa = PBXBuildFile; fileRef = 44C0B5272330341A0015110B /* ImageSelectionLayout.swift */; };
		44C0B52A233034580015110B /* ImageSelectionCell.swift in Sources */ = {isa = PBXBuildFile; fileRef = 44C0B529233034580015110B /* ImageSelectionCell.swift */; };
		44C0B5382331AFE50015110B /* SelectionVIewModel.swift in Sources */ = {isa = PBXBuildFile; fileRef = 44C0B5372331AFE50015110B /* SelectionVIewModel.swift */; };
		44C0B53A2331C5460015110B /* Graphic+Extensions.swift in Sources */ = {isa = PBXBuildFile; fileRef = 44C0B5392331C5460015110B /* Graphic+Extensions.swift */; };
		44C0B53E2331D0250015110B /* GoalsTableView.swift in Sources */ = {isa = PBXBuildFile; fileRef = 44C0B53D2331D0250015110B /* GoalsTableView.swift */; };
		44C0B541233312450015110B /* CompleteImageVIew.swift in Sources */ = {isa = PBXBuildFile; fileRef = 44C0B540233312450015110B /* CompleteImageVIew.swift */; };
		44E0BA652339B549007AA20D /* GoalsSelectionViewController.swift in Sources */ = {isa = PBXBuildFile; fileRef = 44E0BA642339B549007AA20D /* GoalsSelectionViewController.swift */; };
		44E0BA692339B7F0007AA20D /* TableView+Extensions.swift in Sources */ = {isa = PBXBuildFile; fileRef = 44E0BA682339B7F0007AA20D /* TableView+Extensions.swift */; };
		44E0BA6B233A87DE007AA20D /* GrayTextButton.swift in Sources */ = {isa = PBXBuildFile; fileRef = 44E0BA6A233A87DE007AA20D /* GrayTextButton.swift */; };
		44E0BA6D233AC9F6007AA20D /* SelectedGoalsEmptyView.swift in Sources */ = {isa = PBXBuildFile; fileRef = 44E0BA6C233AC9F6007AA20D /* SelectedGoalsEmptyView.swift */; };
		44E0BA71233C6076007AA20D /* ChooseGoalViewModel.swift in Sources */ = {isa = PBXBuildFile; fileRef = 44E0BA70233C6076007AA20D /* ChooseGoalViewModel.swift */; };
		44E0BA73233CCB59007AA20D /* ImagePreviewViewModel.swift in Sources */ = {isa = PBXBuildFile; fileRef = 44E0BA72233CCB59007AA20D /* ImagePreviewViewModel.swift */; };
		44E0BA77233D723E007AA20D /* EditTextLabelViewController.swift in Sources */ = {isa = PBXBuildFile; fileRef = 44E0BA76233D723E007AA20D /* EditTextLabelViewController.swift */; };
		44F4086123570E5200EE0409 /* WelcomeCellViews.swift in Sources */ = {isa = PBXBuildFile; fileRef = 44F4086023570E5200EE0409 /* WelcomeCellViews.swift */; };
		44F4086523570EF000EE0409 /* WelcomeLabel.swift in Sources */ = {isa = PBXBuildFile; fileRef = 44F4086423570EF000EE0409 /* WelcomeLabel.swift */; };
		44F408672359261800EE0409 /* UIView+Extension.swift in Sources */ = {isa = PBXBuildFile; fileRef = 44F408662359261800EE0409 /* UIView+Extension.swift */; };
		44F40869235928F500EE0409 /* WelcomeCollectionViewCell.swift in Sources */ = {isa = PBXBuildFile; fileRef = 44F40868235928F500EE0409 /* WelcomeCollectionViewCell.swift */; };
		44F583A324247492008CF121 /* UnsplashCellIdentifiable.swift in Sources */ = {isa = PBXBuildFile; fileRef = 44F583A224247492008CF121 /* UnsplashCellIdentifiable.swift */; };
		44F583A524247AFC008CF121 /* UnsplashPreviewVC.swift in Sources */ = {isa = PBXBuildFile; fileRef = 44F583A424247AFC008CF121 /* UnsplashPreviewVC.swift */; };
		44F583BC2425FEA6008CF121 /* KabegamiNetworkTests.swift in Sources */ = {isa = PBXBuildFile; fileRef = 44F583BB2425FEA6008CF121 /* KabegamiNetworkTests.swift */; };
		44F583C8242607A3008CF121 /* MockRouter.swift in Sources */ = {isa = PBXBuildFile; fileRef = 44F583C7242607A3008CF121 /* MockRouter.swift */; };
		44F583CC2426FD49008CF121 /* MockNetworkManager.swift in Sources */ = {isa = PBXBuildFile; fileRef = 44F583CB2426FD49008CF121 /* MockNetworkManager.swift */; };
		44F583D3242711C6008CF121 /* XCTestCase_Extension.swift in Sources */ = {isa = PBXBuildFile; fileRef = 44F583D2242711C6008CF121 /* XCTestCase_Extension.swift */; };
		44F583D724273075008CF121 /* UnsplashEndpointTests.swift in Sources */ = {isa = PBXBuildFile; fileRef = 44F583D624273075008CF121 /* UnsplashEndpointTests.swift */; };
		5D03ED0A2328161E006068CB /* AppDelegate.swift in Sources */ = {isa = PBXBuildFile; fileRef = 5D03ED092328161E006068CB /* AppDelegate.swift */; };
		5D03ED0C2328161E006068CB /* CreateGoalViewController.swift in Sources */ = {isa = PBXBuildFile; fileRef = 5D03ED0B2328161E006068CB /* CreateGoalViewController.swift */; };
		5D03ED1123281620006068CB /* Assets.xcassets in Resources */ = {isa = PBXBuildFile; fileRef = 5D03ED1023281620006068CB /* Assets.xcassets */; };
		5D03ED1423281620006068CB /* LaunchScreen.storyboard in Resources */ = {isa = PBXBuildFile; fileRef = 5D03ED1223281620006068CB /* LaunchScreen.storyboard */; };
		5D03ED2A23281620006068CB /* WallPaperDevUITests.swift in Sources */ = {isa = PBXBuildFile; fileRef = 5D03ED2923281620006068CB /* WallPaperDevUITests.swift */; };
		5D051784232C020000B94C4B /* HomeViewController.swift in Sources */ = {isa = PBXBuildFile; fileRef = 5D051783232C020000B94C4B /* HomeViewController.swift */; };
		5D051786232C025200B94C4B /* HomeBackgroundView.swift in Sources */ = {isa = PBXBuildFile; fileRef = 5D051785232C025200B94C4B /* HomeBackgroundView.swift */; };
		5D0B462C234D4933005BBBF6 /* DetailGoalViewController.swift in Sources */ = {isa = PBXBuildFile; fileRef = 5D0B462B234D4933005BBBF6 /* DetailGoalViewController.swift */; };
		5D2285352397276D00B40B78 /* SearchImageCell.swift in Sources */ = {isa = PBXBuildFile; fileRef = 5D2285342397276D00B40B78 /* SearchImageCell.swift */; };
		5D4CB52A23388B2A00187B33 /* EmptyStateView.swift in Sources */ = {isa = PBXBuildFile; fileRef = 5D4CB52923388B2A00187B33 /* EmptyStateView.swift */; };
		5D7B2808236A31EB0014A4D3 /* Keys.swift in Sources */ = {isa = PBXBuildFile; fileRef = 5D7B2807236A31EB0014A4D3 /* Keys.swift */; };
		5D7B285D2372359C0014A4D3 /* SearchImagesCV.swift in Sources */ = {isa = PBXBuildFile; fileRef = 5D7B285C2372359C0014A4D3 /* SearchImagesCV.swift */; };
		5D7B286123723DDC0014A4D3 /* SearchImageViewController.swift in Sources */ = {isa = PBXBuildFile; fileRef = 5D7B286023723DDC0014A4D3 /* SearchImageViewController.swift */; };
		5D7B2863237382300014A4D3 /* SearchImagesViewModel.swift in Sources */ = {isa = PBXBuildFile; fileRef = 5D7B2862237382300014A4D3 /* SearchImagesViewModel.swift */; };
		5D7B28652374DC4C0014A4D3 /* SearchImagesCVLayout.swift in Sources */ = {isa = PBXBuildFile; fileRef = 5D7B28642374DC4C0014A4D3 /* SearchImagesCVLayout.swift */; };
		5D7B2869237CC0610014A4D3 /* UnsplashModel.swift in Sources */ = {isa = PBXBuildFile; fileRef = 5D7B2868237CC0610014A4D3 /* UnsplashModel.swift */; };
		5DD33D42233D3FD500137E3C /* WallPaperDev.xcdatamodeld in Sources */ = {isa = PBXBuildFile; fileRef = 5DD33D40233D3FD500137E3C /* WallPaperDev.xcdatamodeld */; };
		5DD33D45233D433F00137E3C /* Goal+CoreDataClass.swift in Sources */ = {isa = PBXBuildFile; fileRef = 5DD33D43233D433F00137E3C /* Goal+CoreDataClass.swift */; };
		5DD33D46233D433F00137E3C /* Goal+CoreDataProperties.swift in Sources */ = {isa = PBXBuildFile; fileRef = 5DD33D44233D433F00137E3C /* Goal+CoreDataProperties.swift */; };
		5DD33D48233D43A800137E3C /* CoreDataStack.swift in Sources */ = {isa = PBXBuildFile; fileRef = 5DD33D47233D43A800137E3C /* CoreDataStack.swift */; };
		5DF925512339BFF5004CE8AA /* AddButton.swift in Sources */ = {isa = PBXBuildFile; fileRef = 5DF925502339BFF5004CE8AA /* AddButton.swift */; };
		5DFF6B96233D64760077F712 /* HomeViewModel.swift in Sources */ = {isa = PBXBuildFile; fileRef = 5DFF6B95233D64760077F712 /* HomeViewModel.swift */; };
		5DFF6B98233D7C460077F712 /* PaddingLabel.swift in Sources */ = {isa = PBXBuildFile; fileRef = 5DFF6B97233D7C460077F712 /* PaddingLabel.swift */; };
		6732F0529D22B7D9B945DC03 /* Reach.swift in Sources */ = {isa = PBXBuildFile; fileRef = 6732FE8E3BA48F4F8270A378 /* Reach.swift */; };
		6732F071BE764E444CE195A1 /* MockNetworkService.swift in Sources */ = {isa = PBXBuildFile; fileRef = 6732F5E4C46CA7A435CF59B4 /* MockNetworkService.swift */; };
		E859C967654A0D12EDB6A09B /* Pods_WallPaperDev.framework in Frameworks */ = {isa = PBXBuildFile; fileRef = 7DE5CB436DC1396A3760F039 /* Pods_WallPaperDev.framework */; };
		FA1CCF4923D6268B00B47ED4 /* Theme.swift in Sources */ = {isa = PBXBuildFile; fileRef = FA1CCF4823D6268B00B47ED4 /* Theme.swift */; };
		FA1CCF4B23D6281E00B47ED4 /* ColorSchema.swift in Sources */ = {isa = PBXBuildFile; fileRef = FA1CCF4A23D6281E00B47ED4 /* ColorSchema.swift */; };
		FA1CCF4D23D6282700B47ED4 /* ImageAsset.swift in Sources */ = {isa = PBXBuildFile; fileRef = FA1CCF4C23D6282700B47ED4 /* ImageAsset.swift */; };
		FA1CCF4F23D6283200B47ED4 /* FontSchema.swift in Sources */ = {isa = PBXBuildFile; fileRef = FA1CCF4E23D6283200B47ED4 /* FontSchema.swift */; };
		FA1CCF5123D632C400B47ED4 /* ApplicationDependency.swift in Sources */ = {isa = PBXBuildFile; fileRef = FA1CCF5023D632C400B47ED4 /* ApplicationDependency.swift */; };
		FA1CCF6123D6439900B47ED4 /* Localizable.strings in Resources */ = {isa = PBXBuildFile; fileRef = FA1CCF6323D6439900B47ED4 /* Localizable.strings */; };
		FA1CCF6723D6444600B47ED4 /* Localized.swift in Sources */ = {isa = PBXBuildFile; fileRef = FA1CCF6623D6444600B47ED4 /* Localized.swift */; };
/* End PBXBuildFile section */

/* Begin PBXContainerItemProxy section */
		44105B272432AB5C005DD9D5 /* PBXContainerItemProxy */ = {
			isa = PBXContainerItemProxy;
			containerPortal = 5D03ECFE2328161E006068CB /* Project object */;
			proxyType = 1;
			remoteGlobalIDString = 5D03ED052328161E006068CB;
			remoteInfo = WallPaperDev;
		};
		44F583BE2425FEA6008CF121 /* PBXContainerItemProxy */ = {
			isa = PBXContainerItemProxy;
			containerPortal = 5D03ECFE2328161E006068CB /* Project object */;
			proxyType = 1;
			remoteGlobalIDString = 5D03ED052328161E006068CB;
			remoteInfo = WallPaperDev;
		};
		5D03ED2623281620006068CB /* PBXContainerItemProxy */ = {
			isa = PBXContainerItemProxy;
			containerPortal = 5D03ECFE2328161E006068CB /* Project object */;
			proxyType = 1;
			remoteGlobalIDString = 5D03ED052328161E006068CB;
			remoteInfo = WallPaperDev;
		};
/* End PBXContainerItemProxy section */

/* Begin PBXFileReference section */
		086AB7A3367DA59F51FB9DBB /* Pods_WallPaperDev_WallPaperDevUITests.framework */ = {isa = PBXFileReference; explicitFileType = wrapper.framework; includeInIndex = 0; path = Pods_WallPaperDev_WallPaperDevUITests.framework; sourceTree = BUILT_PRODUCTS_DIR; };
		1EF51983C38FFEF57380D54B /* Pods-WallPaperDev-WallPaperDevUITests.xctest.xcconfig */ = {isa = PBXFileReference; includeInIndex = 1; lastKnownFileType = text.xcconfig; name = "Pods-WallPaperDev-WallPaperDevUITests.xctest.xcconfig"; path = "Target Support Files/Pods-WallPaperDev-WallPaperDevUITests/Pods-WallPaperDev-WallPaperDevUITests.xctest.xcconfig"; sourceTree = "<group>"; };
		3C08A7A8A1F9F99104A33261 /* Pods-WallPaperDev-WallPaperDevUITests.release.xcconfig */ = {isa = PBXFileReference; includeInIndex = 1; lastKnownFileType = text.xcconfig; name = "Pods-WallPaperDev-WallPaperDevUITests.release.xcconfig"; path = "Target Support Files/Pods-WallPaperDev-WallPaperDevUITests/Pods-WallPaperDev-WallPaperDevUITests.release.xcconfig"; sourceTree = "<group>"; };
		4402347E2421E87B001DFBA3 /* CircleButton.swift */ = {isa = PBXFileReference; lastKnownFileType = sourcecode.swift; path = CircleButton.swift; sourceTree = "<group>"; };
		44105B222432AB5C005DD9D5 /* KabegamiTests.xctest */ = {isa = PBXFileReference; explicitFileType = wrapper.cfbundle; includeInIndex = 0; path = KabegamiTests.xctest; sourceTree = BUILT_PRODUCTS_DIR; };
		44105B242432AB5C005DD9D5 /* KabegamiTests.swift */ = {isa = PBXFileReference; lastKnownFileType = sourcecode.swift; path = KabegamiTests.swift; sourceTree = "<group>"; };
		44105B262432AB5C005DD9D5 /* Info.plist */ = {isa = PBXFileReference; lastKnownFileType = text.plist.xml; path = Info.plist; sourceTree = "<group>"; };
		44105B2D2432E4AD005DD9D5 /* CoreDataTests.swift */ = {isa = PBXFileReference; lastKnownFileType = sourcecode.swift; path = CoreDataTests.swift; sourceTree = "<group>"; };
		442D2E37234ECD6A00EE9991 /* GoalDetailViewModel.swift */ = {isa = PBXFileReference; lastKnownFileType = sourcecode.swift; path = GoalDetailViewModel.swift; sourceTree = "<group>"; };
		443F7E47235683F700102331 /* MainCoordinator.swift */ = {isa = PBXFileReference; lastKnownFileType = sourcecode.swift; path = MainCoordinator.swift; sourceTree = "<group>"; };
		443F7E4C23569B1100102331 /* WelcomeViewController.swift */ = {isa = PBXFileReference; lastKnownFileType = sourcecode.swift; path = WelcomeViewController.swift; sourceTree = "<group>"; };
		443F7E4F2356A97C00102331 /* WelcomeCollectionView.swift */ = {isa = PBXFileReference; lastKnownFileType = sourcecode.swift; path = WelcomeCollectionView.swift; sourceTree = "<group>"; };
		443F7E512356BFFE00102331 /* WelcomeCVLayout.swift */ = {isa = PBXFileReference; lastKnownFileType = sourcecode.swift; path = WelcomeCVLayout.swift; sourceTree = "<group>"; };
		443F7E532356DAE600102331 /* PageIndicator.swift */ = {isa = PBXFileReference; lastKnownFileType = sourcecode.swift; path = PageIndicator.swift; sourceTree = "<group>"; };
		444955C023952DCB009A1618 /* UIFont+Extension.swift */ = {isa = PBXFileReference; lastKnownFileType = sourcecode.swift; path = "UIFont+Extension.swift"; sourceTree = "<group>"; };
		444955C423995FD9009A1618 /* EditTextViewModel.swift */ = {isa = PBXFileReference; lastKnownFileType = sourcecode.swift; path = EditTextViewModel.swift; sourceTree = "<group>"; };
		4495E41624297DC10042D3C8 /* ViewModelProtocol.swift */ = {isa = PBXFileReference; lastKnownFileType = sourcecode.swift; path = ViewModelProtocol.swift; sourceTree = "<group>"; };
		44A93F3023FA20FD0040B589 /* JSONParameterEncoder.swift */ = {isa = PBXFileReference; lastKnownFileType = sourcecode.swift; path = JSONParameterEncoder.swift; sourceTree = "<group>"; };
		44A93F3323FA21890040B589 /* ParameterEncoding.swift */ = {isa = PBXFileReference; lastKnownFileType = sourcecode.swift; path = ParameterEncoding.swift; sourceTree = "<group>"; };
		44A93F3523FA21AF0040B589 /* URLParameterEncoder.swift */ = {isa = PBXFileReference; lastKnownFileType = sourcecode.swift; path = URLParameterEncoder.swift; sourceTree = "<group>"; };
		44A93F3C23FA22910040B589 /* HTTPMethod.swift */ = {isa = PBXFileReference; lastKnownFileType = sourcecode.swift; path = HTTPMethod.swift; sourceTree = "<group>"; };
		44A93F3E23FA22B40040B589 /* HTTPTask.swift */ = {isa = PBXFileReference; lastKnownFileType = sourcecode.swift; path = HTTPTask.swift; sourceTree = "<group>"; };
		44A93F4023FA22D00040B589 /* NetworkRouter.swift */ = {isa = PBXFileReference; lastKnownFileType = sourcecode.swift; path = NetworkRouter.swift; sourceTree = "<group>"; };
		44A93F4223FA22EA0040B589 /* Router.swift */ = {isa = PBXFileReference; lastKnownFileType = sourcecode.swift; path = Router.swift; sourceTree = "<group>"; };
		44A93F4423FA23140040B589 /* EndpointTypeProtocol.swift */ = {isa = PBXFileReference; lastKnownFileType = sourcecode.swift; path = EndpointTypeProtocol.swift; sourceTree = "<group>"; };
		44A93F4623FA235B0040B589 /* UnsplashEndpoint.swift */ = {isa = PBXFileReference; lastKnownFileType = sourcecode.swift; path = UnsplashEndpoint.swift; sourceTree = "<group>"; };
		44A93F4823FA236B0040B589 /* NetworkManager.swift */ = {isa = PBXFileReference; lastKnownFileType = sourcecode.swift; path = NetworkManager.swift; sourceTree = "<group>"; };
		44B56605234D165400DEBB86 /* BigBlueButton.swift */ = {isa = PBXFileReference; lastKnownFileType = sourcecode.swift; name = BigBlueButton.swift; path = ../BigBlueButton.swift; sourceTree = "<group>"; };
		44B56607234D168C00DEBB86 /* CreateGoalView.swift */ = {isa = PBXFileReference; lastKnownFileType = sourcecode.swift; name = CreateGoalView.swift; path = ../CreateGoalView.swift; sourceTree = "<group>"; };
		44B56609234D16C100DEBB86 /* BlueLabel.swift */ = {isa = PBXFileReference; lastKnownFileType = sourcecode.swift; name = BlueLabel.swift; path = ../BlueLabel.swift; sourceTree = "<group>"; };
		44B5660B234D177400DEBB86 /* GoalNameTextField.swift */ = {isa = PBXFileReference; lastKnownFileType = sourcecode.swift; name = GoalNameTextField.swift; path = ../GoalNameTextField.swift; sourceTree = "<group>"; };
		44C0B51B233023EF0015110B /* GoalDescriptionTextView.swift */ = {isa = PBXFileReference; lastKnownFileType = sourcecode.swift; path = GoalDescriptionTextView.swift; sourceTree = "<group>"; };
		44C0B51D23302A570015110B /* CreateImageViewController.swift */ = {isa = PBXFileReference; lastKnownFileType = sourcecode.swift; path = CreateImageViewController.swift; sourceTree = "<group>"; };
		44C0B51F23302A680015110B /* ImagePreviewViewController.swift */ = {isa = PBXFileReference; lastKnownFileType = sourcecode.swift; path = ImagePreviewViewController.swift; sourceTree = "<group>"; };
		44C0B52323302C920015110B /* UINavigation+Extensions.swift */ = {isa = PBXFileReference; lastKnownFileType = sourcecode.swift; path = "UINavigation+Extensions.swift"; sourceTree = "<group>"; };
		44C0B52523302FE80015110B /* ImagesSelectionCV.swift */ = {isa = PBXFileReference; lastKnownFileType = sourcecode.swift; path = ImagesSelectionCV.swift; sourceTree = "<group>"; };
		44C0B5272330341A0015110B /* ImageSelectionLayout.swift */ = {isa = PBXFileReference; lastKnownFileType = sourcecode.swift; path = ImageSelectionLayout.swift; sourceTree = "<group>"; };
		44C0B529233034580015110B /* ImageSelectionCell.swift */ = {isa = PBXFileReference; lastKnownFileType = sourcecode.swift; path = ImageSelectionCell.swift; sourceTree = "<group>"; };
		44C0B5372331AFE50015110B /* SelectionVIewModel.swift */ = {isa = PBXFileReference; lastKnownFileType = sourcecode.swift; path = SelectionVIewModel.swift; sourceTree = "<group>"; };
		44C0B5392331C5460015110B /* Graphic+Extensions.swift */ = {isa = PBXFileReference; lastKnownFileType = sourcecode.swift; path = "Graphic+Extensions.swift"; sourceTree = "<group>"; };
		44C0B53D2331D0250015110B /* GoalsTableView.swift */ = {isa = PBXFileReference; lastKnownFileType = sourcecode.swift; path = GoalsTableView.swift; sourceTree = "<group>"; };
		44C0B540233312450015110B /* CompleteImageVIew.swift */ = {isa = PBXFileReference; lastKnownFileType = sourcecode.swift; path = CompleteImageVIew.swift; sourceTree = "<group>"; };
		44E0BA642339B549007AA20D /* GoalsSelectionViewController.swift */ = {isa = PBXFileReference; lastKnownFileType = sourcecode.swift; path = GoalsSelectionViewController.swift; sourceTree = "<group>"; };
		44E0BA682339B7F0007AA20D /* TableView+Extensions.swift */ = {isa = PBXFileReference; lastKnownFileType = sourcecode.swift; path = "TableView+Extensions.swift"; sourceTree = "<group>"; };
		44E0BA6A233A87DE007AA20D /* GrayTextButton.swift */ = {isa = PBXFileReference; lastKnownFileType = sourcecode.swift; path = GrayTextButton.swift; sourceTree = "<group>"; };
		44E0BA6C233AC9F6007AA20D /* SelectedGoalsEmptyView.swift */ = {isa = PBXFileReference; lastKnownFileType = sourcecode.swift; path = SelectedGoalsEmptyView.swift; sourceTree = "<group>"; };
		44E0BA70233C6076007AA20D /* ChooseGoalViewModel.swift */ = {isa = PBXFileReference; lastKnownFileType = sourcecode.swift; path = ChooseGoalViewModel.swift; sourceTree = "<group>"; };
		44E0BA72233CCB59007AA20D /* ImagePreviewViewModel.swift */ = {isa = PBXFileReference; lastKnownFileType = sourcecode.swift; path = ImagePreviewViewModel.swift; sourceTree = "<group>"; };
		44E0BA76233D723E007AA20D /* EditTextLabelViewController.swift */ = {isa = PBXFileReference; lastKnownFileType = sourcecode.swift; path = EditTextLabelViewController.swift; sourceTree = "<group>"; };
		44F4086023570E5200EE0409 /* WelcomeCellViews.swift */ = {isa = PBXFileReference; lastKnownFileType = sourcecode.swift; path = WelcomeCellViews.swift; sourceTree = "<group>"; };
		44F4086423570EF000EE0409 /* WelcomeLabel.swift */ = {isa = PBXFileReference; lastKnownFileType = sourcecode.swift; path = WelcomeLabel.swift; sourceTree = "<group>"; };
		44F408662359261800EE0409 /* UIView+Extension.swift */ = {isa = PBXFileReference; lastKnownFileType = sourcecode.swift; path = "UIView+Extension.swift"; sourceTree = "<group>"; };
		44F40868235928F500EE0409 /* WelcomeCollectionViewCell.swift */ = {isa = PBXFileReference; lastKnownFileType = sourcecode.swift; path = WelcomeCollectionViewCell.swift; sourceTree = "<group>"; };
		44F583A224247492008CF121 /* UnsplashCellIdentifiable.swift */ = {isa = PBXFileReference; lastKnownFileType = sourcecode.swift; path = UnsplashCellIdentifiable.swift; sourceTree = "<group>"; };
		44F583A424247AFC008CF121 /* UnsplashPreviewVC.swift */ = {isa = PBXFileReference; lastKnownFileType = sourcecode.swift; path = UnsplashPreviewVC.swift; sourceTree = "<group>"; };
		44F583B92425FEA5008CF121 /* KabegamiNetworkTests.xctest */ = {isa = PBXFileReference; explicitFileType = wrapper.cfbundle; includeInIndex = 0; path = KabegamiNetworkTests.xctest; sourceTree = BUILT_PRODUCTS_DIR; };
		44F583BB2425FEA6008CF121 /* KabegamiNetworkTests.swift */ = {isa = PBXFileReference; lastKnownFileType = sourcecode.swift; path = KabegamiNetworkTests.swift; sourceTree = "<group>"; };
		44F583BD2425FEA6008CF121 /* Info.plist */ = {isa = PBXFileReference; lastKnownFileType = text.plist.xml; path = Info.plist; sourceTree = "<group>"; };
		44F583C7242607A3008CF121 /* MockRouter.swift */ = {isa = PBXFileReference; lastKnownFileType = sourcecode.swift; path = MockRouter.swift; sourceTree = "<group>"; };
		44F583CB2426FD49008CF121 /* MockNetworkManager.swift */ = {isa = PBXFileReference; lastKnownFileType = sourcecode.swift; path = MockNetworkManager.swift; sourceTree = "<group>"; };
		44F583D2242711C6008CF121 /* XCTestCase_Extension.swift */ = {isa = PBXFileReference; lastKnownFileType = sourcecode.swift; path = XCTestCase_Extension.swift; sourceTree = "<group>"; };
		44F583D624273075008CF121 /* UnsplashEndpointTests.swift */ = {isa = PBXFileReference; lastKnownFileType = sourcecode.swift; path = UnsplashEndpointTests.swift; sourceTree = "<group>"; };
		48CBFAB173315E86A41A167A /* Pods_WallPaperDev_WallPaperDevTests.framework */ = {isa = PBXFileReference; explicitFileType = wrapper.framework; includeInIndex = 0; path = Pods_WallPaperDev_WallPaperDevTests.framework; sourceTree = BUILT_PRODUCTS_DIR; };
		59B3161CA966B5C240FD017E /* Pods-WallPaperDev.debug.xcconfig */ = {isa = PBXFileReference; includeInIndex = 1; lastKnownFileType = text.xcconfig; name = "Pods-WallPaperDev.debug.xcconfig"; path = "Target Support Files/Pods-WallPaperDev/Pods-WallPaperDev.debug.xcconfig"; sourceTree = "<group>"; };
		5D03ED062328161E006068CB /* Kabegami.app */ = {isa = PBXFileReference; explicitFileType = wrapper.application; includeInIndex = 0; path = Kabegami.app; sourceTree = BUILT_PRODUCTS_DIR; };
		5D03ED092328161E006068CB /* AppDelegate.swift */ = {isa = PBXFileReference; lastKnownFileType = sourcecode.swift; path = AppDelegate.swift; sourceTree = "<group>"; };
		5D03ED0B2328161E006068CB /* CreateGoalViewController.swift */ = {isa = PBXFileReference; lastKnownFileType = sourcecode.swift; path = CreateGoalViewController.swift; sourceTree = "<group>"; };
		5D03ED1023281620006068CB /* Assets.xcassets */ = {isa = PBXFileReference; lastKnownFileType = folder.assetcatalog; path = Assets.xcassets; sourceTree = "<group>"; };
		5D03ED1323281620006068CB /* Base */ = {isa = PBXFileReference; lastKnownFileType = file.storyboard; name = Base; path = Base.lproj/LaunchScreen.storyboard; sourceTree = "<group>"; };
		5D03ED1523281620006068CB /* Info.plist */ = {isa = PBXFileReference; lastKnownFileType = text.plist.xml; path = Info.plist; sourceTree = "<group>"; };
		5D03ED2523281620006068CB /* WallPaperDevUITests.xctest */ = {isa = PBXFileReference; explicitFileType = wrapper.cfbundle; includeInIndex = 0; path = WallPaperDevUITests.xctest; sourceTree = BUILT_PRODUCTS_DIR; };
		5D03ED2923281620006068CB /* WallPaperDevUITests.swift */ = {isa = PBXFileReference; lastKnownFileType = sourcecode.swift; path = WallPaperDevUITests.swift; sourceTree = "<group>"; };
		5D03ED2B23281620006068CB /* Info.plist */ = {isa = PBXFileReference; lastKnownFileType = text.plist.xml; path = Info.plist; sourceTree = "<group>"; };
		5D051783232C020000B94C4B /* HomeViewController.swift */ = {isa = PBXFileReference; lastKnownFileType = sourcecode.swift; path = HomeViewController.swift; sourceTree = "<group>"; };
		5D051785232C025200B94C4B /* HomeBackgroundView.swift */ = {isa = PBXFileReference; lastKnownFileType = sourcecode.swift; path = HomeBackgroundView.swift; sourceTree = "<group>"; };
		5D0B462B234D4933005BBBF6 /* DetailGoalViewController.swift */ = {isa = PBXFileReference; lastKnownFileType = sourcecode.swift; path = DetailGoalViewController.swift; sourceTree = "<group>"; };
		5D2285342397276D00B40B78 /* SearchImageCell.swift */ = {isa = PBXFileReference; lastKnownFileType = sourcecode.swift; path = SearchImageCell.swift; sourceTree = "<group>"; };
		5D4CB52923388B2A00187B33 /* EmptyStateView.swift */ = {isa = PBXFileReference; lastKnownFileType = sourcecode.swift; path = EmptyStateView.swift; sourceTree = "<group>"; };
		5D7B2807236A31EB0014A4D3 /* Keys.swift */ = {isa = PBXFileReference; lastKnownFileType = sourcecode.swift; path = Keys.swift; sourceTree = "<group>"; };
		5D7B285C2372359C0014A4D3 /* SearchImagesCV.swift */ = {isa = PBXFileReference; lastKnownFileType = sourcecode.swift; path = SearchImagesCV.swift; sourceTree = "<group>"; };
		5D7B286023723DDC0014A4D3 /* SearchImageViewController.swift */ = {isa = PBXFileReference; lastKnownFileType = sourcecode.swift; path = SearchImageViewController.swift; sourceTree = "<group>"; };
		5D7B2862237382300014A4D3 /* SearchImagesViewModel.swift */ = {isa = PBXFileReference; lastKnownFileType = sourcecode.swift; path = SearchImagesViewModel.swift; sourceTree = "<group>"; };
		5D7B28642374DC4C0014A4D3 /* SearchImagesCVLayout.swift */ = {isa = PBXFileReference; lastKnownFileType = sourcecode.swift; path = SearchImagesCVLayout.swift; sourceTree = "<group>"; };
		5D7B2868237CC0610014A4D3 /* UnsplashModel.swift */ = {isa = PBXFileReference; lastKnownFileType = sourcecode.swift; path = UnsplashModel.swift; sourceTree = "<group>"; };
		5DD33D41233D3FD500137E3C /* WallPaperDev.xcdatamodel */ = {isa = PBXFileReference; lastKnownFileType = wrapper.xcdatamodel; path = WallPaperDev.xcdatamodel; sourceTree = "<group>"; };
		5DD33D43233D433F00137E3C /* Goal+CoreDataClass.swift */ = {isa = PBXFileReference; lastKnownFileType = sourcecode.swift; path = "Goal+CoreDataClass.swift"; sourceTree = SOURCE_ROOT; };
		5DD33D44233D433F00137E3C /* Goal+CoreDataProperties.swift */ = {isa = PBXFileReference; lastKnownFileType = sourcecode.swift; path = "Goal+CoreDataProperties.swift"; sourceTree = SOURCE_ROOT; };
		5DD33D47233D43A800137E3C /* CoreDataStack.swift */ = {isa = PBXFileReference; lastKnownFileType = sourcecode.swift; path = CoreDataStack.swift; sourceTree = "<group>"; };
		5DF925502339BFF5004CE8AA /* AddButton.swift */ = {isa = PBXFileReference; lastKnownFileType = sourcecode.swift; path = AddButton.swift; sourceTree = "<group>"; };
		5DFF6B95233D64760077F712 /* HomeViewModel.swift */ = {isa = PBXFileReference; lastKnownFileType = sourcecode.swift; path = HomeViewModel.swift; sourceTree = "<group>"; };
		5DFF6B97233D7C460077F712 /* PaddingLabel.swift */ = {isa = PBXFileReference; lastKnownFileType = sourcecode.swift; path = PaddingLabel.swift; sourceTree = "<group>"; };
		5F4445512A1A8742A2E0E6D0 /* Pods-WallPaperDev.release.xcconfig */ = {isa = PBXFileReference; includeInIndex = 1; lastKnownFileType = text.xcconfig; name = "Pods-WallPaperDev.release.xcconfig"; path = "Target Support Files/Pods-WallPaperDev/Pods-WallPaperDev.release.xcconfig"; sourceTree = "<group>"; };
		6732F5E4C46CA7A435CF59B4 /* MockNetworkService.swift */ = {isa = PBXFileReference; fileEncoding = 4; lastKnownFileType = sourcecode.swift; path = MockNetworkService.swift; sourceTree = "<group>"; };
		6732FE8E3BA48F4F8270A378 /* Reach.swift */ = {isa = PBXFileReference; fileEncoding = 4; lastKnownFileType = sourcecode.swift; path = Reach.swift; sourceTree = "<group>"; };
		6C51E43FA228A1B7D96B26A4 /* Pods-WallPaperDev.xctest.xcconfig */ = {isa = PBXFileReference; includeInIndex = 1; lastKnownFileType = text.xcconfig; name = "Pods-WallPaperDev.xctest.xcconfig"; path = "Target Support Files/Pods-WallPaperDev/Pods-WallPaperDev.xctest.xcconfig"; sourceTree = "<group>"; };
		7DE5CB436DC1396A3760F039 /* Pods_WallPaperDev.framework */ = {isa = PBXFileReference; explicitFileType = wrapper.framework; includeInIndex = 0; path = Pods_WallPaperDev.framework; sourceTree = BUILT_PRODUCTS_DIR; };
		8DFDC969613835FA62CA8F0C /* Pods-WallPaperDev-WallPaperDevTests.xctest.xcconfig */ = {isa = PBXFileReference; includeInIndex = 1; lastKnownFileType = text.xcconfig; name = "Pods-WallPaperDev-WallPaperDevTests.xctest.xcconfig"; path = "Target Support Files/Pods-WallPaperDev-WallPaperDevTests/Pods-WallPaperDev-WallPaperDevTests.xctest.xcconfig"; sourceTree = "<group>"; };
		99B535F2F269527CF4C73B23 /* Pods-WallPaperDev-WallPaperDevUITests.debug.xcconfig */ = {isa = PBXFileReference; includeInIndex = 1; lastKnownFileType = text.xcconfig; name = "Pods-WallPaperDev-WallPaperDevUITests.debug.xcconfig"; path = "Target Support Files/Pods-WallPaperDev-WallPaperDevUITests/Pods-WallPaperDev-WallPaperDevUITests.debug.xcconfig"; sourceTree = "<group>"; };
		DFCECF7D5C146828DBDD26ED /* Pods-WallPaperDev-WallPaperDevTests.release.xcconfig */ = {isa = PBXFileReference; includeInIndex = 1; lastKnownFileType = text.xcconfig; name = "Pods-WallPaperDev-WallPaperDevTests.release.xcconfig"; path = "Target Support Files/Pods-WallPaperDev-WallPaperDevTests/Pods-WallPaperDev-WallPaperDevTests.release.xcconfig"; sourceTree = "<group>"; };
		E38AC00229195E327319C298 /* Pods-WallPaperDev-WallPaperDevTests.debug.xcconfig */ = {isa = PBXFileReference; includeInIndex = 1; lastKnownFileType = text.xcconfig; name = "Pods-WallPaperDev-WallPaperDevTests.debug.xcconfig"; path = "Target Support Files/Pods-WallPaperDev-WallPaperDevTests/Pods-WallPaperDev-WallPaperDevTests.debug.xcconfig"; sourceTree = "<group>"; };
		FA1CCF4823D6268B00B47ED4 /* Theme.swift */ = {isa = PBXFileReference; lastKnownFileType = sourcecode.swift; path = Theme.swift; sourceTree = "<group>"; };
		FA1CCF4A23D6281E00B47ED4 /* ColorSchema.swift */ = {isa = PBXFileReference; lastKnownFileType = sourcecode.swift; path = ColorSchema.swift; sourceTree = "<group>"; };
		FA1CCF4C23D6282700B47ED4 /* ImageAsset.swift */ = {isa = PBXFileReference; lastKnownFileType = sourcecode.swift; path = ImageAsset.swift; sourceTree = "<group>"; };
		FA1CCF4E23D6283200B47ED4 /* FontSchema.swift */ = {isa = PBXFileReference; lastKnownFileType = sourcecode.swift; path = FontSchema.swift; sourceTree = "<group>"; };
		FA1CCF5023D632C400B47ED4 /* ApplicationDependency.swift */ = {isa = PBXFileReference; lastKnownFileType = sourcecode.swift; path = ApplicationDependency.swift; sourceTree = "<group>"; };
		FA1CCF5823D6430500B47ED4 /* en-GB */ = {isa = PBXFileReference; lastKnownFileType = text.plist.strings; name = "en-GB"; path = "en-GB.lproj/LaunchScreen.strings"; sourceTree = "<group>"; };
		FA1CCF5A23D6431D00B47ED4 /* en */ = {isa = PBXFileReference; lastKnownFileType = text.plist.strings; name = en; path = en.lproj/LaunchScreen.strings; sourceTree = "<group>"; };
		FA1CCF6223D6439900B47ED4 /* en */ = {isa = PBXFileReference; lastKnownFileType = text.plist.strings; name = en; path = en.lproj/Localizable.strings; sourceTree = "<group>"; };
		FA1CCF6423D6439C00B47ED4 /* en-GB */ = {isa = PBXFileReference; lastKnownFileType = text.plist.strings; name = "en-GB"; path = "en-GB.lproj/Localizable.strings"; sourceTree = "<group>"; };
		FA1CCF6623D6444600B47ED4 /* Localized.swift */ = {isa = PBXFileReference; lastKnownFileType = sourcecode.swift; path = Localized.swift; sourceTree = "<group>"; };
/* End PBXFileReference section */

/* Begin PBXFrameworksBuildPhase section */
		44105B1F2432AB5C005DD9D5 /* Frameworks */ = {
			isa = PBXFrameworksBuildPhase;
			buildActionMask = 2147483647;
			files = (
			);
			runOnlyForDeploymentPostprocessing = 0;
		};
		44F583B62425FEA5008CF121 /* Frameworks */ = {
			isa = PBXFrameworksBuildPhase;
			buildActionMask = 2147483647;
			files = (
			);
			runOnlyForDeploymentPostprocessing = 0;
		};
		5D03ED032328161E006068CB /* Frameworks */ = {
			isa = PBXFrameworksBuildPhase;
			buildActionMask = 2147483647;
			files = (
				E859C967654A0D12EDB6A09B /* Pods_WallPaperDev.framework in Frameworks */,
			);
			runOnlyForDeploymentPostprocessing = 0;
		};
		5D03ED2223281620006068CB /* Frameworks */ = {
			isa = PBXFrameworksBuildPhase;
			buildActionMask = 2147483647;
			files = (
				06AEDAB3E8E1DABCA4FC60E4 /* Pods_WallPaperDev_WallPaperDevUITests.framework in Frameworks */,
			);
			runOnlyForDeploymentPostprocessing = 0;
		};
/* End PBXFrameworksBuildPhase section */

/* Begin PBXGroup section */
		44105B232432AB5C005DD9D5 /* KabegamiTests */ = {
			isa = PBXGroup;
			children = (
				44105B242432AB5C005DD9D5 /* KabegamiTests.swift */,
				44105B2D2432E4AD005DD9D5 /* CoreDataTests.swift */,
				44105B262432AB5C005DD9D5 /* Info.plist */,
			);
			path = KabegamiTests;
			sourceTree = "<group>";
		};
		443F7E462356827500102331 /* Coordinator */ = {
			isa = PBXGroup;
			children = (
				443F7E47235683F700102331 /* MainCoordinator.swift */,
			);
			path = Coordinator;
			sourceTree = "<group>";
		};
		443F7E4923569A4B00102331 /* HomeScreen Views */ = {
			isa = PBXGroup;
			children = (
				5DF925502339BFF5004CE8AA /* AddButton.swift */,
				5D4CB52923388B2A00187B33 /* EmptyStateView.swift */,
				5D051785232C025200B94C4B /* HomeBackgroundView.swift */,
				5DFF6B97233D7C460077F712 /* PaddingLabel.swift */,
			);
			path = "HomeScreen Views";
			sourceTree = "<group>";
		};
		443F7E4E23569B3500102331 /* Welcome Views */ = {
			isa = PBXGroup;
			children = (
				443F7E4F2356A97C00102331 /* WelcomeCollectionView.swift */,
				443F7E512356BFFE00102331 /* WelcomeCVLayout.swift */,
				443F7E532356DAE600102331 /* PageIndicator.swift */,
				44F4086023570E5200EE0409 /* WelcomeCellViews.swift */,
				44F40868235928F500EE0409 /* WelcomeCollectionViewCell.swift */,
				44F4086423570EF000EE0409 /* WelcomeLabel.swift */,
			);
			path = "Welcome Views";
			sourceTree = "<group>";
		};
		44671678232DC5D9005C910E /* Models */ = {
			isa = PBXGroup;
			children = (
				5D7B2868237CC0610014A4D3 /* UnsplashModel.swift */,
				5D7B2807236A31EB0014A4D3 /* Keys.swift */,
				5DD33D43233D433F00137E3C /* Goal+CoreDataClass.swift */,
				5DD33D44233D433F00137E3C /* Goal+CoreDataProperties.swift */,
				5DD33D47233D43A800137E3C /* CoreDataStack.swift */,
				5DD33D40233D3FD500137E3C /* WallPaperDev.xcdatamodeld */,
			);
			path = Models;
			sourceTree = "<group>";
		};
		44671679232DC5E5005C910E /* View Models */ = {
			isa = PBXGroup;
			children = (
				44C0B5372331AFE50015110B /* SelectionVIewModel.swift */,
				4495E41624297DC10042D3C8 /* ViewModelProtocol.swift */,
				44E0BA70233C6076007AA20D /* ChooseGoalViewModel.swift */,
				442D2E37234ECD6A00EE9991 /* GoalDetailViewModel.swift */,
				44E0BA72233CCB59007AA20D /* ImagePreviewViewModel.swift */,
				5DFF6B95233D64760077F712 /* HomeViewModel.swift */,
				444955C423995FD9009A1618 /* EditTextViewModel.swift */,
				5D7B2862237382300014A4D3 /* SearchImagesViewModel.swift */,
			);
			path = "View Models";
			sourceTree = "<group>";
		};
		44A93F3823FA22450040B589 /* Service */ = {
			isa = PBXGroup;
			children = (
				44A93F3C23FA22910040B589 /* HTTPMethod.swift */,
				44A93F3E23FA22B40040B589 /* HTTPTask.swift */,
				44A93F4023FA22D00040B589 /* NetworkRouter.swift */,
				44A93F4223FA22EA0040B589 /* Router.swift */,
			);
			path = Service;
			sourceTree = "<group>";
		};
		44A93F3923FA22520040B589 /* Manager */ = {
			isa = PBXGroup;
			children = (
				44A93F4823FA236B0040B589 /* NetworkManager.swift */,
			);
			path = Manager;
			sourceTree = "<group>";
		};
		44A93F3A23FA22580040B589 /* Endpoint */ = {
			isa = PBXGroup;
			children = (
				44A93F4423FA23140040B589 /* EndpointTypeProtocol.swift */,
				44A93F4623FA235B0040B589 /* UnsplashEndpoint.swift */,
			);
			path = Endpoint;
			sourceTree = "<group>";
		};
		44C0B52123302A730015110B /* CreateImage Views */ = {
			isa = PBXGroup;
			children = (
				44C0B52523302FE80015110B /* ImagesSelectionCV.swift */,
				44C0B529233034580015110B /* ImageSelectionCell.swift */,
				44C0B5272330341A0015110B /* ImageSelectionLayout.swift */,
				4402347E2421E87B001DFBA3 /* CircleButton.swift */,
				44C0B53D2331D0250015110B /* GoalsTableView.swift */,
			);
			path = "CreateImage Views";
			sourceTree = "<group>";
		};
		44C0B52B23303F9B0015110B /* CreateGoal Views */ = {
			isa = PBXGroup;
			children = (
				44C0B53F233311FF0015110B /* ImagePreview Views */,
				44B56609234D16C100DEBB86 /* BlueLabel.swift */,
				44B56605234D165400DEBB86 /* BigBlueButton.swift */,
				44E0BA6A233A87DE007AA20D /* GrayTextButton.swift */,
				44E0BA6C233AC9F6007AA20D /* SelectedGoalsEmptyView.swift */,
				44B5660B234D177400DEBB86 /* GoalNameTextField.swift */,
				44B56607234D168C00DEBB86 /* CreateGoalView.swift */,
				44C0B51B233023EF0015110B /* GoalDescriptionTextView.swift */,
			);
			path = "CreateGoal Views";
			sourceTree = "<group>";
		};
		44C0B53F233311FF0015110B /* ImagePreview Views */ = {
			isa = PBXGroup;
			children = (
				44C0B540233312450015110B /* CompleteImageVIew.swift */,
			);
			path = "ImagePreview Views";
			sourceTree = "<group>";
		};
		44E0BA672339B7D4007AA20D /* Extensions */ = {
			isa = PBXGroup;
			children = (
				44C0B52323302C920015110B /* UINavigation+Extensions.swift */,
				44E0BA682339B7F0007AA20D /* TableView+Extensions.swift */,
				44C0B5392331C5460015110B /* Graphic+Extensions.swift */,
				44F583A224247492008CF121 /* UnsplashCellIdentifiable.swift */,
				44F408662359261800EE0409 /* UIView+Extension.swift */,
				444955C023952DCB009A1618 /* UIFont+Extension.swift */,
			);
			path = Extensions;
			sourceTree = "<group>";
		};
		44F583BA2425FEA5008CF121 /* KabegamiNetworkTests */ = {
			isa = PBXGroup;
			children = (
				44F583BB2425FEA6008CF121 /* KabegamiNetworkTests.swift */,
				44F583D624273075008CF121 /* UnsplashEndpointTests.swift */,
				44F583D2242711C6008CF121 /* XCTestCase_Extension.swift */,
				44F583BD2425FEA6008CF121 /* Info.plist */,
			);
			path = KabegamiNetworkTests;
			sourceTree = "<group>";
		};
		44F583C624260672008CF121 /* Mocks */ = {
			isa = PBXGroup;
			children = (
				6732F5E4C46CA7A435CF59B4 /* MockNetworkService.swift */,
				44F583C7242607A3008CF121 /* MockRouter.swift */,
				44F583CB2426FD49008CF121 /* MockNetworkManager.swift */,
			);
			path = Mocks;
			sourceTree = "<group>";
		};
		520AF099EB16BDCCEC93C998 /* Frameworks */ = {
			isa = PBXGroup;
			children = (
				7DE5CB436DC1396A3760F039 /* Pods_WallPaperDev.framework */,
				48CBFAB173315E86A41A167A /* Pods_WallPaperDev_WallPaperDevTests.framework */,
				086AB7A3367DA59F51FB9DBB /* Pods_WallPaperDev_WallPaperDevUITests.framework */,
			);
			name = Frameworks;
			sourceTree = "<group>";
		};
		5D03ECFD2328161E006068CB = {
			isa = PBXGroup;
			children = (
				5D03ED082328161E006068CB /* WallPaperDev */,
				5D03ED2823281620006068CB /* WallPaperDevUITests */,
				44F583BA2425FEA5008CF121 /* KabegamiNetworkTests */,
				44105B232432AB5C005DD9D5 /* KabegamiTests */,
				5D03ED072328161E006068CB /* Products */,
				70F263B6868876A87BE8D070 /* Pods */,
				520AF099EB16BDCCEC93C998 /* Frameworks */,
			);
			sourceTree = "<group>";
		};
		5D03ED072328161E006068CB /* Products */ = {
			isa = PBXGroup;
			children = (
				5D03ED062328161E006068CB /* Kabegami.app */,
				5D03ED2523281620006068CB /* WallPaperDevUITests.xctest */,
				44F583B92425FEA5008CF121 /* KabegamiNetworkTests.xctest */,
				44105B222432AB5C005DD9D5 /* KabegamiTests.xctest */,
			);
			name = Products;
			sourceTree = "<group>";
		};
		5D03ED082328161E006068CB /* WallPaperDev */ = {
			isa = PBXGroup;
			children = (
				5D7B2806236A31870014A4D3 /* SupportingFiles */,
				FA1CCF6523D6443900B47ED4 /* Helpers */,
				FA1CCF5223D6423F00B47ED4 /* Resources */,
				443F7E462356827500102331 /* Coordinator */,
				44671678232DC5D9005C910E /* Models */,
				6732F80826B3D02D85AC5854 /* Networking */,
				44671679232DC5E5005C910E /* View Models */,
				5D9C52A2232B14E700608D6D /* Views */,
				5D03ED092328161E006068CB /* AppDelegate.swift */,
				44E0BA672339B7D4007AA20D /* Extensions */,
				5D03ED1523281620006068CB /* Info.plist */,
				5D03ED1023281620006068CB /* Assets.xcassets */,
			);
			path = WallPaperDev;
			sourceTree = "<group>";
		};
		5D03ED2823281620006068CB /* WallPaperDevUITests */ = {
			isa = PBXGroup;
			children = (
				5D03ED2923281620006068CB /* WallPaperDevUITests.swift */,
				5D03ED2B23281620006068CB /* Info.plist */,
			);
			path = WallPaperDevUITests;
			sourceTree = "<group>";
		};
		5D7B2806236A31870014A4D3 /* SupportingFiles */ = {
			isa = PBXGroup;
			children = (
			);
			name = SupportingFiles;
			sourceTree = "<group>";
		};
		5D7B2857237233E10014A4D3 /* SearchImages Views */ = {
			isa = PBXGroup;
			children = (
				5D7B285C2372359C0014A4D3 /* SearchImagesCV.swift */,
				5D2285342397276D00B40B78 /* SearchImageCell.swift */,
				44F583A424247AFC008CF121 /* UnsplashPreviewVC.swift */,
				5D7B28642374DC4C0014A4D3 /* SearchImagesCVLayout.swift */,
			);
			path = "SearchImages Views";
			sourceTree = "<group>";
		};
		5D9C52A1232B14D800608D6D /* Controllers */ = {
			isa = PBXGroup;
			children = (
				5D051783232C020000B94C4B /* HomeViewController.swift */,
				5D03ED0B2328161E006068CB /* CreateGoalViewController.swift */,
				44C0B51D23302A570015110B /* CreateImageViewController.swift */,
				5D7B286023723DDC0014A4D3 /* SearchImageViewController.swift */,
				44C0B51F23302A680015110B /* ImagePreviewViewController.swift */,
				44E0BA642339B549007AA20D /* GoalsSelectionViewController.swift */,
				5D0B462B234D4933005BBBF6 /* DetailGoalViewController.swift */,
				44E0BA76233D723E007AA20D /* EditTextLabelViewController.swift */,
				443F7E4C23569B1100102331 /* WelcomeViewController.swift */,
			);
			path = Controllers;
			sourceTree = "<group>";
		};
		5D9C52A2232B14E700608D6D /* Views */ = {
			isa = PBXGroup;
			children = (
				5D9C52A1232B14D800608D6D /* Controllers */,
				443F7E4E23569B3500102331 /* Welcome Views */,
				443F7E4923569A4B00102331 /* HomeScreen Views */,
				44C0B52B23303F9B0015110B /* CreateGoal Views */,
				44C0B52123302A730015110B /* CreateImage Views */,
				5D7B2857237233E10014A4D3 /* SearchImages Views */,
				5D03ED1223281620006068CB /* LaunchScreen.storyboard */,
			);
			path = Views;
			sourceTree = "<group>";
		};
		6732F16EA7C1A6F5DC667314 /* Encoding */ = {
			isa = PBXGroup;
			children = (
				44A93F3023FA20FD0040B589 /* JSONParameterEncoder.swift */,
				44A93F3323FA21890040B589 /* ParameterEncoding.swift */,
				44A93F3523FA21AF0040B589 /* URLParameterEncoder.swift */,
			);
			path = Encoding;
			sourceTree = "<group>";
		};
		6732F80826B3D02D85AC5854 /* Networking */ = {
			isa = PBXGroup;
			children = (
				44A93F3A23FA22580040B589 /* Endpoint */,
				44A93F3923FA22520040B589 /* Manager */,
				44A93F3823FA22450040B589 /* Service */,
				6732F16EA7C1A6F5DC667314 /* Encoding */,
				6732FE8E3BA48F4F8270A378 /* Reach.swift */,
				44F583C624260672008CF121 /* Mocks */,
			);
			path = Networking;
			sourceTree = "<group>";
		};
		70F263B6868876A87BE8D070 /* Pods */ = {
			isa = PBXGroup;
			children = (
				59B3161CA966B5C240FD017E /* Pods-WallPaperDev.debug.xcconfig */,
				6C51E43FA228A1B7D96B26A4 /* Pods-WallPaperDev.xctest.xcconfig */,
				5F4445512A1A8742A2E0E6D0 /* Pods-WallPaperDev.release.xcconfig */,
				E38AC00229195E327319C298 /* Pods-WallPaperDev-WallPaperDevTests.debug.xcconfig */,
				8DFDC969613835FA62CA8F0C /* Pods-WallPaperDev-WallPaperDevTests.xctest.xcconfig */,
				DFCECF7D5C146828DBDD26ED /* Pods-WallPaperDev-WallPaperDevTests.release.xcconfig */,
				99B535F2F269527CF4C73B23 /* Pods-WallPaperDev-WallPaperDevUITests.debug.xcconfig */,
				1EF51983C38FFEF57380D54B /* Pods-WallPaperDev-WallPaperDevUITests.xctest.xcconfig */,
				3C08A7A8A1F9F99104A33261 /* Pods-WallPaperDev-WallPaperDevUITests.release.xcconfig */,
			);
			path = Pods;
			sourceTree = "<group>";
		};
		FA1CCF5223D6423F00B47ED4 /* Resources */ = {
			isa = PBXGroup;
			children = (
				FA1CCF6323D6439900B47ED4 /* Localizable.strings */,
			);
			path = Resources;
			sourceTree = "<group>";
		};
		FA1CCF6523D6443900B47ED4 /* Helpers */ = {
			isa = PBXGroup;
			children = (
				FA1CCF6623D6444600B47ED4 /* Localized.swift */,
				FA1CCF4823D6268B00B47ED4 /* Theme.swift */,
				FA1CCF4E23D6283200B47ED4 /* FontSchema.swift */,
				FA1CCF4C23D6282700B47ED4 /* ImageAsset.swift */,
				FA1CCF4A23D6281E00B47ED4 /* ColorSchema.swift */,
				FA1CCF5023D632C400B47ED4 /* ApplicationDependency.swift */,
			);
			path = Helpers;
			sourceTree = "<group>";
		};
/* End PBXGroup section */

/* Begin PBXNativeTarget section */
		44105B212432AB5C005DD9D5 /* KabegamiTests */ = {
			isa = PBXNativeTarget;
			buildConfigurationList = 44105B292432AB5C005DD9D5 /* Build configuration list for PBXNativeTarget "KabegamiTests" */;
			buildPhases = (
				44105B1E2432AB5C005DD9D5 /* Sources */,
				44105B1F2432AB5C005DD9D5 /* Frameworks */,
				44105B202432AB5C005DD9D5 /* Resources */,
			);
			buildRules = (
			);
			dependencies = (
				44105B282432AB5C005DD9D5 /* PBXTargetDependency */,
			);
			name = KabegamiTests;
			productName = KabegamiTests;
			productReference = 44105B222432AB5C005DD9D5 /* KabegamiTests.xctest */;
			productType = "com.apple.product-type.bundle.unit-test";
		};
		44F583B82425FEA5008CF121 /* KabegamiNetworkTests */ = {
			isa = PBXNativeTarget;
			buildConfigurationList = 44F583C02425FEA6008CF121 /* Build configuration list for PBXNativeTarget "KabegamiNetworkTests" */;
			buildPhases = (
				44F583B52425FEA5008CF121 /* Sources */,
				44F583B62425FEA5008CF121 /* Frameworks */,
				44F583B72425FEA5008CF121 /* Resources */,
			);
			buildRules = (
			);
			dependencies = (
				44F583BF2425FEA6008CF121 /* PBXTargetDependency */,
			);
			name = KabegamiNetworkTests;
			productName = KabegamiNetworkTests;
			productReference = 44F583B92425FEA5008CF121 /* KabegamiNetworkTests.xctest */;
			productType = "com.apple.product-type.bundle.unit-test";
		};
		5D03ED052328161E006068CB /* WallPaperDev */ = {
			isa = PBXNativeTarget;
			buildConfigurationList = 5D03ED2E23281620006068CB /* Build configuration list for PBXNativeTarget "WallPaperDev" */;
			buildPhases = (
				1E2659DD5B91861AE990AE8C /* [CP] Check Pods Manifest.lock */,
				FAE29B9E23E0B7C900365D9C /* Run SwiftFormat Script on Build */,
				5D03ED022328161E006068CB /* Sources */,
				5D03ED032328161E006068CB /* Frameworks */,
				5D03ED042328161E006068CB /* Resources */,
				44671677232DAB7D005C910E /* ShellScript */,
				24218F5AF6E4E9F0587C00EF /* [CP] Embed Pods Frameworks */,
			);
			buildRules = (
			);
			dependencies = (
			);
			name = WallPaperDev;
			productName = WallPaperDev;
			productReference = 5D03ED062328161E006068CB /* Kabegami.app */;
			productType = "com.apple.product-type.application";
		};
		5D03ED2423281620006068CB /* WallPaperDevUITests */ = {
			isa = PBXNativeTarget;
			buildConfigurationList = 5D03ED3423281620006068CB /* Build configuration list for PBXNativeTarget "WallPaperDevUITests" */;
			buildPhases = (
				CAB13C816DE763287ACCE1AF /* [CP] Check Pods Manifest.lock */,
				5D03ED2123281620006068CB /* Sources */,
				5D03ED2223281620006068CB /* Frameworks */,
				5D03ED2323281620006068CB /* Resources */,
				835BEF17FF7285B6F5CE5BC7 /* [CP] Embed Pods Frameworks */,
			);
			buildRules = (
			);
			dependencies = (
				5D03ED2723281620006068CB /* PBXTargetDependency */,
			);
			name = WallPaperDevUITests;
			productName = WallPaperDevUITests;
			productReference = 5D03ED2523281620006068CB /* WallPaperDevUITests.xctest */;
			productType = "com.apple.product-type.bundle.ui-testing";
		};
/* End PBXNativeTarget section */

/* Begin PBXProject section */
		5D03ECFE2328161E006068CB /* Project object */ = {
			isa = PBXProject;
			attributes = {
				LastSwiftUpdateCheck = 1140;
				LastUpgradeCheck = 1020;
				ORGANIZATIONNAME = "Stephen Ouyang";
				TargetAttributes = {
					44105B212432AB5C005DD9D5 = {
						CreatedOnToolsVersion = 11.4;
						TestTargetID = 5D03ED052328161E006068CB;
					};
					44F583B82425FEA5008CF121 = {
						CreatedOnToolsVersion = 11.3.1;
						TestTargetID = 5D03ED052328161E006068CB;
					};
					5D03ED052328161E006068CB = {
						CreatedOnToolsVersion = 10.2.1;
					};
					5D03ED2423281620006068CB = {
						CreatedOnToolsVersion = 10.2.1;
						TestTargetID = 5D03ED052328161E006068CB;
					};
				};
			};
			buildConfigurationList = 5D03ED012328161E006068CB /* Build configuration list for PBXProject "WallPaperDev" */;
			compatibilityVersion = "Xcode 9.3";
			developmentRegion = en;
			hasScannedForEncodings = 0;
			knownRegions = (
				en,
				Base,
				"en-GB",
			);
			mainGroup = 5D03ECFD2328161E006068CB;
			productRefGroup = 5D03ED072328161E006068CB /* Products */;
			projectDirPath = "";
			projectRoot = "";
			targets = (
				5D03ED052328161E006068CB /* WallPaperDev */,
				5D03ED2423281620006068CB /* WallPaperDevUITests */,
				44F583B82425FEA5008CF121 /* KabegamiNetworkTests */,
				44105B212432AB5C005DD9D5 /* KabegamiTests */,
			);
		};
/* End PBXProject section */

/* Begin PBXResourcesBuildPhase section */
		44105B202432AB5C005DD9D5 /* Resources */ = {
			isa = PBXResourcesBuildPhase;
			buildActionMask = 2147483647;
			files = (
			);
			runOnlyForDeploymentPostprocessing = 0;
		};
		44F583B72425FEA5008CF121 /* Resources */ = {
			isa = PBXResourcesBuildPhase;
			buildActionMask = 2147483647;
			files = (
			);
			runOnlyForDeploymentPostprocessing = 0;
		};
		5D03ED042328161E006068CB /* Resources */ = {
			isa = PBXResourcesBuildPhase;
			buildActionMask = 2147483647;
			files = (
				5D03ED1423281620006068CB /* LaunchScreen.storyboard in Resources */,
				FA1CCF6123D6439900B47ED4 /* Localizable.strings in Resources */,
				5D03ED1123281620006068CB /* Assets.xcassets in Resources */,
			);
			runOnlyForDeploymentPostprocessing = 0;
		};
		5D03ED2323281620006068CB /* Resources */ = {
			isa = PBXResourcesBuildPhase;
			buildActionMask = 2147483647;
			files = (
			);
			runOnlyForDeploymentPostprocessing = 0;
		};
/* End PBXResourcesBuildPhase section */

/* Begin PBXShellScriptBuildPhase section */
		1E2659DD5B91861AE990AE8C /* [CP] Check Pods Manifest.lock */ = {
			isa = PBXShellScriptBuildPhase;
			buildActionMask = 2147483647;
			files = (
			);
			inputFileListPaths = (
			);
			inputPaths = (
				"${PODS_PODFILE_DIR_PATH}/Podfile.lock",
				"${PODS_ROOT}/Manifest.lock",
			);
			name = "[CP] Check Pods Manifest.lock";
			outputFileListPaths = (
			);
			outputPaths = (
				"$(DERIVED_FILE_DIR)/Pods-WallPaperDev-checkManifestLockResult.txt",
			);
			runOnlyForDeploymentPostprocessing = 0;
			shellPath = /bin/sh;
			shellScript = "diff \"${PODS_PODFILE_DIR_PATH}/Podfile.lock\" \"${PODS_ROOT}/Manifest.lock\" > /dev/null\nif [ $? != 0 ] ; then\n    # print error to STDERR\n    echo \"error: The sandbox is not in sync with the Podfile.lock. Run 'pod install' or update your CocoaPods installation.\" >&2\n    exit 1\nfi\n# This output is used by Xcode 'outputs' to avoid re-running this script phase.\necho \"SUCCESS\" > \"${SCRIPT_OUTPUT_FILE_0}\"\n";
			showEnvVarsInLog = 0;
		};
		24218F5AF6E4E9F0587C00EF /* [CP] Embed Pods Frameworks */ = {
			isa = PBXShellScriptBuildPhase;
			buildActionMask = 2147483647;
			files = (
			);
			inputFileListPaths = (
				"${PODS_ROOT}/Target Support Files/Pods-WallPaperDev/Pods-WallPaperDev-frameworks-${CONFIGURATION}-input-files.xcfilelist",
			);
			name = "[CP] Embed Pods Frameworks";
			outputFileListPaths = (
				"${PODS_ROOT}/Target Support Files/Pods-WallPaperDev/Pods-WallPaperDev-frameworks-${CONFIGURATION}-output-files.xcfilelist",
			);
			runOnlyForDeploymentPostprocessing = 0;
			shellPath = /bin/sh;
			shellScript = "\"${PODS_ROOT}/Target Support Files/Pods-WallPaperDev/Pods-WallPaperDev-frameworks.sh\"\n";
			showEnvVarsInLog = 0;
		};
		44671677232DAB7D005C910E /* ShellScript */ = {
			isa = PBXShellScriptBuildPhase;
			buildActionMask = 2147483647;
			files = (
			);
			inputFileListPaths = (
			);
			inputPaths = (
			);
			outputFileListPaths = (
			);
			outputPaths = (
			);
			runOnlyForDeploymentPostprocessing = 0;
			shellPath = /bin/sh;
			shellScript = "# Type a script or drag a script file from your workspace to insert its path.\n\"${PODS_ROOT}/SwiftLint/swiftlint\"\n";
		};
		835BEF17FF7285B6F5CE5BC7 /* [CP] Embed Pods Frameworks */ = {
			isa = PBXShellScriptBuildPhase;
			buildActionMask = 2147483647;
			files = (
			);
			inputFileListPaths = (
				"${PODS_ROOT}/Target Support Files/Pods-WallPaperDev-WallPaperDevUITests/Pods-WallPaperDev-WallPaperDevUITests-frameworks-${CONFIGURATION}-input-files.xcfilelist",
			);
			name = "[CP] Embed Pods Frameworks";
			outputFileListPaths = (
				"${PODS_ROOT}/Target Support Files/Pods-WallPaperDev-WallPaperDevUITests/Pods-WallPaperDev-WallPaperDevUITests-frameworks-${CONFIGURATION}-output-files.xcfilelist",
			);
			runOnlyForDeploymentPostprocessing = 0;
			shellPath = /bin/sh;
			shellScript = "\"${PODS_ROOT}/Target Support Files/Pods-WallPaperDev-WallPaperDevUITests/Pods-WallPaperDev-WallPaperDevUITests-frameworks.sh\"\n";
			showEnvVarsInLog = 0;
		};
		CAB13C816DE763287ACCE1AF /* [CP] Check Pods Manifest.lock */ = {
			isa = PBXShellScriptBuildPhase;
			buildActionMask = 2147483647;
			files = (
			);
			inputFileListPaths = (
			);
			inputPaths = (
				"${PODS_PODFILE_DIR_PATH}/Podfile.lock",
				"${PODS_ROOT}/Manifest.lock",
			);
			name = "[CP] Check Pods Manifest.lock";
			outputFileListPaths = (
			);
			outputPaths = (
				"$(DERIVED_FILE_DIR)/Pods-WallPaperDev-WallPaperDevUITests-checkManifestLockResult.txt",
			);
			runOnlyForDeploymentPostprocessing = 0;
			shellPath = /bin/sh;
			shellScript = "diff \"${PODS_PODFILE_DIR_PATH}/Podfile.lock\" \"${PODS_ROOT}/Manifest.lock\" > /dev/null\nif [ $? != 0 ] ; then\n    # print error to STDERR\n    echo \"error: The sandbox is not in sync with the Podfile.lock. Run 'pod install' or update your CocoaPods installation.\" >&2\n    exit 1\nfi\n# This output is used by Xcode 'outputs' to avoid re-running this script phase.\necho \"SUCCESS\" > \"${SCRIPT_OUTPUT_FILE_0}\"\n";
			showEnvVarsInLog = 0;
		};
		FAE29B9E23E0B7C900365D9C /* Run SwiftFormat Script on Build */ = {
			isa = PBXShellScriptBuildPhase;
			buildActionMask = 2147483647;
			files = (
			);
			inputFileListPaths = (
			);
			inputPaths = (
			);
			name = "Run SwiftFormat Script on Build";
			outputFileListPaths = (
			);
			outputPaths = (
			);
			runOnlyForDeploymentPostprocessing = 0;
			shellPath = /bin/sh;
			shellScript = "# Type a script or drag a script file from your workspace to insert its path.\n\"${PODS_ROOT}/SwiftFormat/CommandLineTool/swiftformat\" \"$SRCROOT\"\n";
		};
/* End PBXShellScriptBuildPhase section */

/* Begin PBXSourcesBuildPhase section */
		44105B1E2432AB5C005DD9D5 /* Sources */ = {
			isa = PBXSourcesBuildPhase;
			buildActionMask = 2147483647;
			files = (
				44105B30243326FF005DD9D5 /* WallPaperDev.xcdatamodeld in Sources */,
				44105B2E2432E4AD005DD9D5 /* CoreDataTests.swift in Sources */,
				44105B252432AB5C005DD9D5 /* KabegamiTests.swift in Sources */,
			);
			runOnlyForDeploymentPostprocessing = 0;
		};
		44F583B52425FEA5008CF121 /* Sources */ = {
			isa = PBXSourcesBuildPhase;
			buildActionMask = 2147483647;
			files = (
				44105B3224332702005DD9D5 /* WallPaperDev.xcdatamodeld in Sources */,
				44F583BC2425FEA6008CF121 /* KabegamiNetworkTests.swift in Sources */,
				44F583D3242711C6008CF121 /* XCTestCase_Extension.swift in Sources */,
				44F583D724273075008CF121 /* UnsplashEndpointTests.swift in Sources */,
			);
			runOnlyForDeploymentPostprocessing = 0;
		};
		5D03ED022328161E006068CB /* Sources */ = {
			isa = PBXSourcesBuildPhase;
			buildActionMask = 2147483647;
			files = (
				44A93F4523FA23140040B589 /* EndpointTypeProtocol.swift in Sources */,
				44B56608234D168C00DEBB86 /* CreateGoalView.swift in Sources */,
				443F7E502356A97C00102331 /* WelcomeCollectionView.swift in Sources */,
				443F7E4D23569B1100102331 /* WelcomeViewController.swift in Sources */,
				44E0BA6B233A87DE007AA20D /* GrayTextButton.swift in Sources */,
				44F583A324247492008CF121 /* UnsplashCellIdentifiable.swift in Sources */,
				44B5660A234D16C100DEBB86 /* BlueLabel.swift in Sources */,
				44A93F3123FA20FD0040B589 /* JSONParameterEncoder.swift in Sources */,
				FA1CCF6723D6444600B47ED4 /* Localized.swift in Sources */,
				444955C123952DCB009A1618 /* UIFont+Extension.swift in Sources */,
				44A93F3623FA21AF0040B589 /* URLParameterEncoder.swift in Sources */,
				44F4086523570EF000EE0409 /* WelcomeLabel.swift in Sources */,
				44E0BA692339B7F0007AA20D /* TableView+Extensions.swift in Sources */,
				444955C523995FD9009A1618 /* EditTextViewModel.swift in Sources */,
				5D7B28652374DC4C0014A4D3 /* SearchImagesCVLayout.swift in Sources */,
				44C0B52A233034580015110B /* ImageSelectionCell.swift in Sources */,
				44A93F3D23FA22910040B589 /* HTTPMethod.swift in Sources */,
				44E0BA77233D723E007AA20D /* EditTextLabelViewController.swift in Sources */,
				44A93F4323FA22EA0040B589 /* Router.swift in Sources */,
				44B56606234D165400DEBB86 /* BigBlueButton.swift in Sources */,
				44E0BA73233CCB59007AA20D /* ImagePreviewViewModel.swift in Sources */,
				44C0B52423302C920015110B /* UINavigation+Extensions.swift in Sources */,
				443F7E48235683F700102331 /* MainCoordinator.swift in Sources */,
				FA1CCF4B23D6281E00B47ED4 /* ColorSchema.swift in Sources */,
				5D4CB52A23388B2A00187B33 /* EmptyStateView.swift in Sources */,
				FA1CCF4D23D6282700B47ED4 /* ImageAsset.swift in Sources */,
				5D051784232C020000B94C4B /* HomeViewController.swift in Sources */,
				5D7B286123723DDC0014A4D3 /* SearchImageViewController.swift in Sources */,
				4402347F2421E87B001DFBA3 /* CircleButton.swift in Sources */,
				44F4086123570E5200EE0409 /* WelcomeCellViews.swift in Sources */,
				5DF925512339BFF5004CE8AA /* AddButton.swift in Sources */,
				FA1CCF4923D6268B00B47ED4 /* Theme.swift in Sources */,
				5D7B2869237CC0610014A4D3 /* UnsplashModel.swift in Sources */,
				5D051786232C025200B94C4B /* HomeBackgroundView.swift in Sources */,
				5DD33D46233D433F00137E3C /* Goal+CoreDataProperties.swift in Sources */,
				5DD33D48233D43A800137E3C /* CoreDataStack.swift in Sources */,
				442D2E38234ECD6A00EE9991 /* GoalDetailViewModel.swift in Sources */,
				44C0B541233312450015110B /* CompleteImageVIew.swift in Sources */,
				44A93F4923FA236B0040B589 /* NetworkManager.swift in Sources */,
				5D0B462C234D4933005BBBF6 /* DetailGoalViewController.swift in Sources */,
				5D7B2808236A31EB0014A4D3 /* Keys.swift in Sources */,
				5D03ED0C2328161E006068CB /* CreateGoalViewController.swift in Sources */,
				44E0BA6D233AC9F6007AA20D /* SelectedGoalsEmptyView.swift in Sources */,
				44F583A524247AFC008CF121 /* UnsplashPreviewVC.swift in Sources */,
				FA1CCF4F23D6283200B47ED4 /* FontSchema.swift in Sources */,
				44A93F4723FA235B0040B589 /* UnsplashEndpoint.swift in Sources */,
				5DD33D45233D433F00137E3C /* Goal+CoreDataClass.swift in Sources */,
				44A93F3F23FA22B40040B589 /* HTTPTask.swift in Sources */,
				5DFF6B98233D7C460077F712 /* PaddingLabel.swift in Sources */,
				5D7B2863237382300014A4D3 /* SearchImagesViewModel.swift in Sources */,
				5DFF6B96233D64760077F712 /* HomeViewModel.swift in Sources */,
				44F408672359261800EE0409 /* UIView+Extension.swift in Sources */,
				5D2285352397276D00B40B78 /* SearchImageCell.swift in Sources */,
				44C0B51C233023EF0015110B /* GoalDescriptionTextView.swift in Sources */,
				44C0B52623302FE80015110B /* ImagesSelectionCV.swift in Sources */,
				FA1CCF5123D632C400B47ED4 /* ApplicationDependency.swift in Sources */,
				4495E41724297DC10042D3C8 /* ViewModelProtocol.swift in Sources */,
				443F7E542356DAE600102331 /* PageIndicator.swift in Sources */,
				44C0B53E2331D0250015110B /* GoalsTableView.swift in Sources */,
				44E0BA71233C6076007AA20D /* ChooseGoalViewModel.swift in Sources */,
				44C0B53A2331C5460015110B /* Graphic+Extensions.swift in Sources */,
				44F40869235928F500EE0409 /* WelcomeCollectionViewCell.swift in Sources */,
				443F7E522356BFFE00102331 /* WelcomeCVLayout.swift in Sources */,
				44F583C8242607A3008CF121 /* MockRouter.swift in Sources */,
				44C0B51E23302A570015110B /* CreateImageViewController.swift in Sources */,
				44C0B5282330341A0015110B /* ImageSelectionLayout.swift in Sources */,
				44C0B52023302A680015110B /* ImagePreviewViewController.swift in Sources */,
				44F583CC2426FD49008CF121 /* MockNetworkManager.swift in Sources */,
				44B5660C234D177400DEBB86 /* GoalNameTextField.swift in Sources */,
				44C0B5382331AFE50015110B /* SelectionVIewModel.swift in Sources */,
				5D03ED0A2328161E006068CB /* AppDelegate.swift in Sources */,
				44A93F3423FA21890040B589 /* ParameterEncoding.swift in Sources */,
				5D7B285D2372359C0014A4D3 /* SearchImagesCV.swift in Sources */,
				44E0BA652339B549007AA20D /* GoalsSelectionViewController.swift in Sources */,
				5DD33D42233D3FD500137E3C /* WallPaperDev.xcdatamodeld in Sources */,
				44A93F4123FA22D00040B589 /* NetworkRouter.swift in Sources */,
				6732F0529D22B7D9B945DC03 /* Reach.swift in Sources */,
				6732F071BE764E444CE195A1 /* MockNetworkService.swift in Sources */,
			);
			runOnlyForDeploymentPostprocessing = 0;
		};
		5D03ED2123281620006068CB /* Sources */ = {
			isa = PBXSourcesBuildPhase;
			buildActionMask = 2147483647;
			files = (
				44105B3324332702005DD9D5 /* WallPaperDev.xcdatamodeld in Sources */,
				5D03ED2A23281620006068CB /* WallPaperDevUITests.swift in Sources */,
			);
			runOnlyForDeploymentPostprocessing = 0;
		};
/* End PBXSourcesBuildPhase section */

/* Begin PBXTargetDependency section */
		44105B282432AB5C005DD9D5 /* PBXTargetDependency */ = {
			isa = PBXTargetDependency;
			target = 5D03ED052328161E006068CB /* WallPaperDev */;
			targetProxy = 44105B272432AB5C005DD9D5 /* PBXContainerItemProxy */;
		};
		44F583BF2425FEA6008CF121 /* PBXTargetDependency */ = {
			isa = PBXTargetDependency;
			target = 5D03ED052328161E006068CB /* WallPaperDev */;
			targetProxy = 44F583BE2425FEA6008CF121 /* PBXContainerItemProxy */;
		};
		5D03ED2723281620006068CB /* PBXTargetDependency */ = {
			isa = PBXTargetDependency;
			target = 5D03ED052328161E006068CB /* WallPaperDev */;
			targetProxy = 5D03ED2623281620006068CB /* PBXContainerItemProxy */;
		};
/* End PBXTargetDependency section */

/* Begin PBXVariantGroup section */
		5D03ED1223281620006068CB /* LaunchScreen.storyboard */ = {
			isa = PBXVariantGroup;
			children = (
				5D03ED1323281620006068CB /* Base */,
				FA1CCF5823D6430500B47ED4 /* en-GB */,
				FA1CCF5A23D6431D00B47ED4 /* en */,
			);
			name = LaunchScreen.storyboard;
			sourceTree = "<group>";
		};
		FA1CCF6323D6439900B47ED4 /* Localizable.strings */ = {
			isa = PBXVariantGroup;
			children = (
				FA1CCF6223D6439900B47ED4 /* en */,
				FA1CCF6423D6439C00B47ED4 /* en-GB */,
			);
			name = Localizable.strings;
			sourceTree = "<group>";
		};
/* End PBXVariantGroup section */

/* Begin XCBuildConfiguration section */
		44105B2A2432AB5C005DD9D5 /* Debug */ = {
			isa = XCBuildConfiguration;
			buildSettings = {
				BUNDLE_LOADER = "$(TEST_HOST)";
				CODE_SIGN_STYLE = Automatic;
				DEVELOPMENT_TEAM = XYLZ368J9Q;
				GCC_PREPROCESSOR_DEFINITIONS = (
					"DEBUG=1",
					"$(inherited)",
				);
				INFOPLIST_FILE = KabegamiTests/Info.plist;
				IPHONEOS_DEPLOYMENT_TARGET = 13.4;
				LD_RUNPATH_SEARCH_PATHS = (
					"$(inherited)",
					"@executable_path/Frameworks",
					"@loader_path/Frameworks",
				);
				PRODUCT_BUNDLE_IDENTIFIER = co.jacksonHo.KabegamiTests;
				PRODUCT_NAME = "$(TARGET_NAME)";
				SWIFT_VERSION = 5.0;
				TARGETED_DEVICE_FAMILY = "1,2";
				TEST_HOST = "$(BUILT_PRODUCTS_DIR)/Kabegami.app/Kabegami";
			};
			name = Debug;
		};
		44105B2B2432AB5C005DD9D5 /* XCTest */ = {
			isa = XCBuildConfiguration;
			buildSettings = {
				BUNDLE_LOADER = "$(TEST_HOST)";
				CODE_SIGN_STYLE = Automatic;
				DEVELOPMENT_TEAM = XYLZ368J9Q;
				INFOPLIST_FILE = KabegamiTests/Info.plist;
				IPHONEOS_DEPLOYMENT_TARGET = 13.4;
				LD_RUNPATH_SEARCH_PATHS = (
					"$(inherited)",
					"@executable_path/Frameworks",
					"@loader_path/Frameworks",
				);
				PRODUCT_BUNDLE_IDENTIFIER = co.jacksonHo.KabegamiTests;
				PRODUCT_NAME = "$(TARGET_NAME)";
				SWIFT_VERSION = 5.0;
				TARGETED_DEVICE_FAMILY = "1,2";
				TEST_HOST = "$(BUILT_PRODUCTS_DIR)/Kabegami.app/Kabegami";
			};
			name = XCTest;
		};
		44105B2C2432AB5C005DD9D5 /* Release */ = {
			isa = XCBuildConfiguration;
			buildSettings = {
				BUNDLE_LOADER = "$(TEST_HOST)";
				CODE_SIGN_STYLE = Automatic;
				DEVELOPMENT_TEAM = XYLZ368J9Q;
				INFOPLIST_FILE = KabegamiTests/Info.plist;
				IPHONEOS_DEPLOYMENT_TARGET = 13.4;
				LD_RUNPATH_SEARCH_PATHS = (
					"$(inherited)",
					"@executable_path/Frameworks",
					"@loader_path/Frameworks",
				);
				PRODUCT_BUNDLE_IDENTIFIER = co.jacksonHo.KabegamiTests;
				PRODUCT_NAME = "$(TARGET_NAME)";
				SWIFT_VERSION = 5.0;
				TARGETED_DEVICE_FAMILY = "1,2";
				TEST_HOST = "$(BUILT_PRODUCTS_DIR)/Kabegami.app/Kabegami";
			};
			name = Release;
		};
		44F583C12425FEA6008CF121 /* Debug */ = {
			isa = XCBuildConfiguration;
			buildSettings = {
				BUNDLE_LOADER = "$(TEST_HOST)";
				CODE_SIGN_STYLE = Automatic;
				DEVELOPMENT_TEAM = XYLZ368J9Q;
				GCC_PREPROCESSOR_DEFINITIONS = (
					"DEBUG=1",
					"$(inherited)",
				);
				INFOPLIST_FILE = KabegamiNetworkTests/Info.plist;
				IPHONEOS_DEPLOYMENT_TARGET = 13.2;
				LD_RUNPATH_SEARCH_PATHS = (
					"$(inherited)",
					"@executable_path/Frameworks",
					"@loader_path/Frameworks",
				);
				PRODUCT_BUNDLE_IDENTIFIER = co.jacksonHo.KabegamiNetworkTests;
				PRODUCT_NAME = "$(TARGET_NAME)";
				SWIFT_VERSION = 5.0;
				TARGETED_DEVICE_FAMILY = "1,2";
				TEST_HOST = "$(BUILT_PRODUCTS_DIR)/Kabegami.app/Kabegami";
			};
			name = Debug;
		};
		44F583C22425FEA6008CF121 /* XCTest */ = {
			isa = XCBuildConfiguration;
			buildSettings = {
				BUNDLE_LOADER = "$(TEST_HOST)";
				CODE_SIGN_STYLE = Automatic;
				DEVELOPMENT_TEAM = XYLZ368J9Q;
				INFOPLIST_FILE = KabegamiNetworkTests/Info.plist;
				IPHONEOS_DEPLOYMENT_TARGET = 13.2;
				LD_RUNPATH_SEARCH_PATHS = (
					"$(inherited)",
					"@executable_path/Frameworks",
					"@loader_path/Frameworks",
				);
				PRODUCT_BUNDLE_IDENTIFIER = co.jacksonHo.KabegamiNetworkTests;
				PRODUCT_NAME = "$(TARGET_NAME)";
				SWIFT_VERSION = 5.0;
				TARGETED_DEVICE_FAMILY = "1,2";
				TEST_HOST = "$(BUILT_PRODUCTS_DIR)/Kabegami.app/Kabegami";
			};
			name = XCTest;
		};
		44F583C32425FEA6008CF121 /* Release */ = {
			isa = XCBuildConfiguration;
			buildSettings = {
				BUNDLE_LOADER = "$(TEST_HOST)";
				CODE_SIGN_STYLE = Automatic;
				DEVELOPMENT_TEAM = XYLZ368J9Q;
				INFOPLIST_FILE = KabegamiNetworkTests/Info.plist;
				IPHONEOS_DEPLOYMENT_TARGET = 13.2;
				LD_RUNPATH_SEARCH_PATHS = (
					"$(inherited)",
					"@executable_path/Frameworks",
					"@loader_path/Frameworks",
				);
				PRODUCT_BUNDLE_IDENTIFIER = co.jacksonHo.KabegamiNetworkTests;
				PRODUCT_NAME = "$(TARGET_NAME)";
				SWIFT_VERSION = 5.0;
				TARGETED_DEVICE_FAMILY = "1,2";
				TEST_HOST = "$(BUILT_PRODUCTS_DIR)/Kabegami.app/Kabegami";
			};
			name = Release;
		};
		5D03ED2C23281620006068CB /* Debug */ = {
			isa = XCBuildConfiguration;
			buildSettings = {
				ALWAYS_SEARCH_USER_PATHS = NO;
				CLANG_ANALYZER_LOCALIZABILITY_NONLOCALIZED = YES;
				CLANG_ANALYZER_NONNULL = YES;
				CLANG_ANALYZER_NUMBER_OBJECT_CONVERSION = YES_AGGRESSIVE;
				CLANG_CXX_LANGUAGE_STANDARD = "gnu++14";
				CLANG_CXX_LIBRARY = "libc++";
				CLANG_ENABLE_MODULES = YES;
				CLANG_ENABLE_OBJC_ARC = YES;
				CLANG_ENABLE_OBJC_WEAK = YES;
				CLANG_WARN_BLOCK_CAPTURE_AUTORELEASING = YES;
				CLANG_WARN_BOOL_CONVERSION = YES;
				CLANG_WARN_COMMA = YES;
				CLANG_WARN_CONSTANT_CONVERSION = YES;
				CLANG_WARN_DEPRECATED_OBJC_IMPLEMENTATIONS = YES;
				CLANG_WARN_DIRECT_OBJC_ISA_USAGE = YES_ERROR;
				CLANG_WARN_DOCUMENTATION_COMMENTS = YES;
				CLANG_WARN_EMPTY_BODY = YES;
				CLANG_WARN_ENUM_CONVERSION = YES;
				CLANG_WARN_INFINITE_RECURSION = YES;
				CLANG_WARN_INT_CONVERSION = YES;
				CLANG_WARN_NON_LITERAL_NULL_CONVERSION = YES;
				CLANG_WARN_OBJC_IMPLICIT_RETAIN_SELF = YES;
				CLANG_WARN_OBJC_LITERAL_CONVERSION = YES;
				CLANG_WARN_OBJC_ROOT_CLASS = YES_ERROR;
				CLANG_WARN_RANGE_LOOP_ANALYSIS = YES;
				CLANG_WARN_STRICT_PROTOTYPES = YES;
				CLANG_WARN_SUSPICIOUS_MOVE = YES;
				CLANG_WARN_UNGUARDED_AVAILABILITY = YES_AGGRESSIVE;
				CLANG_WARN_UNREACHABLE_CODE = YES;
				CLANG_WARN__DUPLICATE_METHOD_MATCH = YES;
				CODE_SIGN_IDENTITY = "iPhone Developer";
				COPY_PHASE_STRIP = NO;
				DEBUG_INFORMATION_FORMAT = dwarf;
				ENABLE_STRICT_OBJC_MSGSEND = YES;
				ENABLE_TESTABILITY = YES;
				GCC_C_LANGUAGE_STANDARD = gnu11;
				GCC_DYNAMIC_NO_PIC = NO;
				GCC_NO_COMMON_BLOCKS = YES;
				GCC_OPTIMIZATION_LEVEL = 0;
				GCC_PREPROCESSOR_DEFINITIONS = "";
				GCC_WARN_64_TO_32_BIT_CONVERSION = YES;
				GCC_WARN_ABOUT_RETURN_TYPE = YES_ERROR;
				GCC_WARN_UNDECLARED_SELECTOR = YES;
				GCC_WARN_UNINITIALIZED_AUTOS = YES_AGGRESSIVE;
				GCC_WARN_UNUSED_FUNCTION = YES;
				GCC_WARN_UNUSED_VARIABLE = YES;
				IPHONEOS_DEPLOYMENT_TARGET = 13.0;
				MTL_ENABLE_DEBUG_INFO = INCLUDE_SOURCE;
				MTL_FAST_MATH = YES;
				ONLY_ACTIVE_ARCH = YES;
				SDKROOT = iphoneos;
				SWIFT_ACTIVE_COMPILATION_CONDITIONS = DEBUG;
				SWIFT_OPTIMIZATION_LEVEL = "-Onone";
			};
			name = Debug;
		};
		5D03ED2D23281620006068CB /* Release */ = {
			isa = XCBuildConfiguration;
			buildSettings = {
				ALWAYS_SEARCH_USER_PATHS = NO;
				CLANG_ANALYZER_LOCALIZABILITY_NONLOCALIZED = YES;
				CLANG_ANALYZER_NONNULL = YES;
				CLANG_ANALYZER_NUMBER_OBJECT_CONVERSION = YES_AGGRESSIVE;
				CLANG_CXX_LANGUAGE_STANDARD = "gnu++14";
				CLANG_CXX_LIBRARY = "libc++";
				CLANG_ENABLE_MODULES = YES;
				CLANG_ENABLE_OBJC_ARC = YES;
				CLANG_ENABLE_OBJC_WEAK = YES;
				CLANG_WARN_BLOCK_CAPTURE_AUTORELEASING = YES;
				CLANG_WARN_BOOL_CONVERSION = YES;
				CLANG_WARN_COMMA = YES;
				CLANG_WARN_CONSTANT_CONVERSION = YES;
				CLANG_WARN_DEPRECATED_OBJC_IMPLEMENTATIONS = YES;
				CLANG_WARN_DIRECT_OBJC_ISA_USAGE = YES_ERROR;
				CLANG_WARN_DOCUMENTATION_COMMENTS = YES;
				CLANG_WARN_EMPTY_BODY = YES;
				CLANG_WARN_ENUM_CONVERSION = YES;
				CLANG_WARN_INFINITE_RECURSION = YES;
				CLANG_WARN_INT_CONVERSION = YES;
				CLANG_WARN_NON_LITERAL_NULL_CONVERSION = YES;
				CLANG_WARN_OBJC_IMPLICIT_RETAIN_SELF = YES;
				CLANG_WARN_OBJC_LITERAL_CONVERSION = YES;
				CLANG_WARN_OBJC_ROOT_CLASS = YES_ERROR;
				CLANG_WARN_RANGE_LOOP_ANALYSIS = YES;
				CLANG_WARN_STRICT_PROTOTYPES = YES;
				CLANG_WARN_SUSPICIOUS_MOVE = YES;
				CLANG_WARN_UNGUARDED_AVAILABILITY = YES_AGGRESSIVE;
				CLANG_WARN_UNREACHABLE_CODE = YES;
				CLANG_WARN__DUPLICATE_METHOD_MATCH = YES;
				CODE_SIGN_IDENTITY = "iPhone Developer";
				COPY_PHASE_STRIP = NO;
				DEBUG_INFORMATION_FORMAT = "dwarf-with-dsym";
				ENABLE_NS_ASSERTIONS = NO;
				ENABLE_STRICT_OBJC_MSGSEND = YES;
				GCC_C_LANGUAGE_STANDARD = gnu11;
				GCC_NO_COMMON_BLOCKS = YES;
				GCC_PREPROCESSOR_DEFINITIONS = "";
				GCC_WARN_64_TO_32_BIT_CONVERSION = YES;
				GCC_WARN_ABOUT_RETURN_TYPE = YES_ERROR;
				GCC_WARN_UNDECLARED_SELECTOR = YES;
				GCC_WARN_UNINITIALIZED_AUTOS = YES_AGGRESSIVE;
				GCC_WARN_UNUSED_FUNCTION = YES;
				GCC_WARN_UNUSED_VARIABLE = YES;
				IPHONEOS_DEPLOYMENT_TARGET = 13.0;
				MTL_ENABLE_DEBUG_INFO = NO;
				MTL_FAST_MATH = YES;
				SDKROOT = iphoneos;
				SWIFT_COMPILATION_MODE = wholemodule;
				SWIFT_OPTIMIZATION_LEVEL = "-O";
				VALIDATE_PRODUCT = YES;
			};
			name = Release;
		};
		5D03ED2F23281620006068CB /* Debug */ = {
			isa = XCBuildConfiguration;
			baseConfigurationReference = 59B3161CA966B5C240FD017E /* Pods-WallPaperDev.debug.xcconfig */;
			buildSettings = {
				ASSETCATALOG_COMPILER_APPICON_NAME = AppIcon;
				CODE_SIGN_STYLE = Automatic;
				DEVELOPMENT_TEAM = XYLZ368J9Q;
				INFOPLIST_FILE = WallPaperDev/Info.plist;
				LD_RUNPATH_SEARCH_PATHS = (
					"$(inherited)",
					"@executable_path/Frameworks",
				);
				MARKETING_VERSION = 0.2.0;
				PRODUCT_BUNDLE_IDENTIFIER = "com.Stephen-Ouyang.WallPaperDev";
				PRODUCT_NAME = Kabegami;
				SWIFT_VERSION = 5.0;
				TARGETED_DEVICE_FAMILY = 1;
			};
			name = Debug;
		};
		5D03ED3023281620006068CB /* Release */ = {
			isa = XCBuildConfiguration;
			baseConfigurationReference = 5F4445512A1A8742A2E0E6D0 /* Pods-WallPaperDev.release.xcconfig */;
			buildSettings = {
				ASSETCATALOG_COMPILER_APPICON_NAME = AppIcon;
				CODE_SIGN_STYLE = Automatic;
				DEVELOPMENT_TEAM = XYLZ368J9Q;
				INFOPLIST_FILE = WallPaperDev/Info.plist;
				LD_RUNPATH_SEARCH_PATHS = (
					"$(inherited)",
					"@executable_path/Frameworks",
				);
				MARKETING_VERSION = 0.2.0;
				PRODUCT_BUNDLE_IDENTIFIER = "com.Stephen-Ouyang.WallPaperDev";
				PRODUCT_NAME = Kabegami;
				SWIFT_VERSION = 5.0;
				TARGETED_DEVICE_FAMILY = 1;
			};
			name = Release;
		};
		5D03ED3523281620006068CB /* Debug */ = {
			isa = XCBuildConfiguration;
			baseConfigurationReference = 99B535F2F269527CF4C73B23 /* Pods-WallPaperDev-WallPaperDevUITests.debug.xcconfig */;
			buildSettings = {
				ALWAYS_EMBED_SWIFT_STANDARD_LIBRARIES = YES;
				CODE_SIGN_STYLE = Automatic;
				DEVELOPMENT_TEAM = XYLZ368J9Q;
				INFOPLIST_FILE = WallPaperDevUITests/Info.plist;
				LD_RUNPATH_SEARCH_PATHS = (
					"$(inherited)",
					"@executable_path/Frameworks",
					"@loader_path/Frameworks",
				);
				PRODUCT_BUNDLE_IDENTIFIER = "com.Stephen-Ouyang.WallPaperDevUITests";
				PRODUCT_NAME = "$(TARGET_NAME)";
				SWIFT_VERSION = 5.0;
				TARGETED_DEVICE_FAMILY = "1,2";
				TEST_TARGET_NAME = WallPaperDev;
			};
			name = Debug;
		};
		5D03ED3623281620006068CB /* Release */ = {
			isa = XCBuildConfiguration;
			baseConfigurationReference = 3C08A7A8A1F9F99104A33261 /* Pods-WallPaperDev-WallPaperDevUITests.release.xcconfig */;
			buildSettings = {
				ALWAYS_EMBED_SWIFT_STANDARD_LIBRARIES = YES;
				CODE_SIGN_STYLE = Automatic;
				DEVELOPMENT_TEAM = XYLZ368J9Q;
				INFOPLIST_FILE = WallPaperDevUITests/Info.plist;
				LD_RUNPATH_SEARCH_PATHS = (
					"$(inherited)",
					"@executable_path/Frameworks",
					"@loader_path/Frameworks",
				);
				PRODUCT_BUNDLE_IDENTIFIER = "com.Stephen-Ouyang.WallPaperDevUITests";
				PRODUCT_NAME = "$(TARGET_NAME)";
				SWIFT_VERSION = 5.0;
				TARGETED_DEVICE_FAMILY = "1,2";
				TEST_TARGET_NAME = WallPaperDev;
			};
			name = Release;
		};
		5DD33D5D23453C4D00137E3C /* XCTest */ = {
			isa = XCBuildConfiguration;
			buildSettings = {
				ALWAYS_SEARCH_USER_PATHS = NO;
				CLANG_ANALYZER_LOCALIZABILITY_NONLOCALIZED = YES;
				CLANG_ANALYZER_NONNULL = YES;
				CLANG_ANALYZER_NUMBER_OBJECT_CONVERSION = YES_AGGRESSIVE;
				CLANG_CXX_LANGUAGE_STANDARD = "gnu++14";
				CLANG_CXX_LIBRARY = "libc++";
				CLANG_ENABLE_MODULES = YES;
				CLANG_ENABLE_OBJC_ARC = YES;
				CLANG_ENABLE_OBJC_WEAK = YES;
				CLANG_WARN_BLOCK_CAPTURE_AUTORELEASING = YES;
				CLANG_WARN_BOOL_CONVERSION = YES;
				CLANG_WARN_COMMA = YES;
				CLANG_WARN_CONSTANT_CONVERSION = YES;
				CLANG_WARN_DEPRECATED_OBJC_IMPLEMENTATIONS = YES;
				CLANG_WARN_DIRECT_OBJC_ISA_USAGE = YES_ERROR;
				CLANG_WARN_DOCUMENTATION_COMMENTS = YES;
				CLANG_WARN_EMPTY_BODY = YES;
				CLANG_WARN_ENUM_CONVERSION = YES;
				CLANG_WARN_INFINITE_RECURSION = YES;
				CLANG_WARN_INT_CONVERSION = YES;
				CLANG_WARN_NON_LITERAL_NULL_CONVERSION = YES;
				CLANG_WARN_OBJC_IMPLICIT_RETAIN_SELF = YES;
				CLANG_WARN_OBJC_LITERAL_CONVERSION = YES;
				CLANG_WARN_OBJC_ROOT_CLASS = YES_ERROR;
				CLANG_WARN_RANGE_LOOP_ANALYSIS = YES;
				CLANG_WARN_STRICT_PROTOTYPES = YES;
				CLANG_WARN_SUSPICIOUS_MOVE = YES;
				CLANG_WARN_UNGUARDED_AVAILABILITY = YES_AGGRESSIVE;
				CLANG_WARN_UNREACHABLE_CODE = YES;
				CLANG_WARN__DUPLICATE_METHOD_MATCH = YES;
				CODE_SIGN_IDENTITY = "iPhone Developer";
				COPY_PHASE_STRIP = NO;
				DEBUG_INFORMATION_FORMAT = dwarf;
				ENABLE_STRICT_OBJC_MSGSEND = YES;
				ENABLE_TESTABILITY = YES;
				GCC_C_LANGUAGE_STANDARD = gnu11;
				GCC_DYNAMIC_NO_PIC = NO;
				GCC_NO_COMMON_BLOCKS = YES;
				GCC_OPTIMIZATION_LEVEL = 0;
				GCC_PREPROCESSOR_DEFINITIONS = "";
				GCC_WARN_64_TO_32_BIT_CONVERSION = YES;
				GCC_WARN_ABOUT_RETURN_TYPE = YES_ERROR;
				GCC_WARN_UNDECLARED_SELECTOR = YES;
				GCC_WARN_UNINITIALIZED_AUTOS = YES_AGGRESSIVE;
				GCC_WARN_UNUSED_FUNCTION = YES;
				GCC_WARN_UNUSED_VARIABLE = YES;
				IPHONEOS_DEPLOYMENT_TARGET = 13.0;
				MTL_ENABLE_DEBUG_INFO = INCLUDE_SOURCE;
				MTL_FAST_MATH = YES;
				ONLY_ACTIVE_ARCH = YES;
				SDKROOT = iphoneos;
				SWIFT_ACTIVE_COMPILATION_CONDITIONS = DEBUG;
				SWIFT_OPTIMIZATION_LEVEL = "-Onone";
			};
			name = XCTest;
		};
		5DD33D5E23453C4D00137E3C /* XCTest */ = {
			isa = XCBuildConfiguration;
			baseConfigurationReference = 6C51E43FA228A1B7D96B26A4 /* Pods-WallPaperDev.xctest.xcconfig */;
			buildSettings = {
				ASSETCATALOG_COMPILER_APPICON_NAME = AppIcon;
				CODE_SIGN_STYLE = Automatic;
				DEVELOPMENT_TEAM = XYLZ368J9Q;
				INFOPLIST_FILE = WallPaperDev/Info.plist;
				LD_RUNPATH_SEARCH_PATHS = (
					"$(inherited)",
					"@executable_path/Frameworks",
				);
				MARKETING_VERSION = 0.2.0;
				PRODUCT_BUNDLE_IDENTIFIER = "com.Stephen-Ouyang.WallPaperDev";
				PRODUCT_NAME = Kabegami;
				SWIFT_VERSION = 5.0;
				TARGETED_DEVICE_FAMILY = 1;
			};
			name = XCTest;
		};
		5DD33D6023453C4D00137E3C /* XCTest */ = {
			isa = XCBuildConfiguration;
			baseConfigurationReference = 1EF51983C38FFEF57380D54B /* Pods-WallPaperDev-WallPaperDevUITests.xctest.xcconfig */;
			buildSettings = {
				ALWAYS_EMBED_SWIFT_STANDARD_LIBRARIES = YES;
				CODE_SIGN_STYLE = Automatic;
				DEVELOPMENT_TEAM = XYLZ368J9Q;
				INFOPLIST_FILE = WallPaperDevUITests/Info.plist;
				LD_RUNPATH_SEARCH_PATHS = (
					"$(inherited)",
					"@executable_path/Frameworks",
					"@loader_path/Frameworks",
				);
				PRODUCT_BUNDLE_IDENTIFIER = "com.Stephen-Ouyang.WallPaperDevUITests";
				PRODUCT_NAME = "$(TARGET_NAME)";
				SWIFT_VERSION = 5.0;
				TARGETED_DEVICE_FAMILY = "1,2";
				TEST_TARGET_NAME = WallPaperDev;
			};
			name = XCTest;
		};
/* End XCBuildConfiguration section */

/* Begin XCConfigurationList section */
		44105B292432AB5C005DD9D5 /* Build configuration list for PBXNativeTarget "KabegamiTests" */ = {
			isa = XCConfigurationList;
			buildConfigurations = (
				44105B2A2432AB5C005DD9D5 /* Debug */,
				44105B2B2432AB5C005DD9D5 /* XCTest */,
				44105B2C2432AB5C005DD9D5 /* Release */,
			);
			defaultConfigurationIsVisible = 0;
			defaultConfigurationName = Release;
		};
		44F583C02425FEA6008CF121 /* Build configuration list for PBXNativeTarget "KabegamiNetworkTests" */ = {
			isa = XCConfigurationList;
			buildConfigurations = (
				44F583C12425FEA6008CF121 /* Debug */,
				44F583C22425FEA6008CF121 /* XCTest */,
				44F583C32425FEA6008CF121 /* Release */,
			);
			defaultConfigurationIsVisible = 0;
			defaultConfigurationName = Release;
		};
		5D03ED012328161E006068CB /* Build configuration list for PBXProject "WallPaperDev" */ = {
			isa = XCConfigurationList;
			buildConfigurations = (
				5D03ED2C23281620006068CB /* Debug */,
				5DD33D5D23453C4D00137E3C /* XCTest */,
				5D03ED2D23281620006068CB /* Release */,
			);
			defaultConfigurationIsVisible = 0;
			defaultConfigurationName = Release;
		};
		5D03ED2E23281620006068CB /* Build configuration list for PBXNativeTarget "WallPaperDev" */ = {
			isa = XCConfigurationList;
			buildConfigurations = (
				5D03ED2F23281620006068CB /* Debug */,
				5DD33D5E23453C4D00137E3C /* XCTest */,
				5D03ED3023281620006068CB /* Release */,
			);
			defaultConfigurationIsVisible = 0;
			defaultConfigurationName = Release;
		};
		5D03ED3423281620006068CB /* Build configuration list for PBXNativeTarget "WallPaperDevUITests" */ = {
			isa = XCConfigurationList;
			buildConfigurations = (
				5D03ED3523281620006068CB /* Debug */,
				5DD33D6023453C4D00137E3C /* XCTest */,
				5D03ED3623281620006068CB /* Release */,
			);
			defaultConfigurationIsVisible = 0;
			defaultConfigurationName = Release;
		};
/* End XCConfigurationList section */

/* Begin XCVersionGroup section */
		5DD33D40233D3FD500137E3C /* WallPaperDev.xcdatamodeld */ = {
			isa = XCVersionGroup;
			children = (
				5DD33D41233D3FD500137E3C /* WallPaperDev.xcdatamodel */,
			);
			currentVersion = 5DD33D41233D3FD500137E3C /* WallPaperDev.xcdatamodel */;
			path = WallPaperDev.xcdatamodeld;
			sourceTree = "<group>";
			versionGroupType = wrapper.xcdatamodel;
		};
/* End XCVersionGroup section */
	};
	rootObject = 5D03ECFE2328161E006068CB /* Project object */;
}
