// !$*UTF8*$!
{
	archiveVersion = 1;
	classes = {
	};
	objectVersion = 50;
	objects = {

/* Begin PBXBuildFile section */
		4467167D232DC7AF005C910E /* BlueLabel.swift in Sources */ = {isa = PBXBuildFile; fileRef = 4467167C232DC7AF005C910E /* BlueLabel.swift */; };
		4467167F232DC9E8005C910E /* BigBlueButton.swift in Sources */ = {isa = PBXBuildFile; fileRef = 4467167E232DC9E8005C910E /* BigBlueButton.swift */; };
		44C0B51A23301A1B0015110B /* GoalNameTextField.swift in Sources */ = {isa = PBXBuildFile; fileRef = 44C0B51923301A1B0015110B /* GoalNameTextField.swift */; };
		44C0B51C233023EF0015110B /* GoalDescriptionTextView.swift in Sources */ = {isa = PBXBuildFile; fileRef = 44C0B51B233023EF0015110B /* GoalDescriptionTextView.swift */; };
		4F2FDA7F410F858BC484E89A /* Pods_WallPaperDevUITests.framework in Frameworks */ = {isa = PBXBuildFile; fileRef = A502B4B663DD1FAC667DC34F /* Pods_WallPaperDevUITests.framework */; };
		565274D1ABBE06339214BE60 /* Pods_WallPaperDev.framework in Frameworks */ = {isa = PBXBuildFile; fileRef = C47BB523AE4EF33A00ED5918 /* Pods_WallPaperDev.framework */; };
		5D008DE2233945B500C73DD1 /* (null) in Sources */ = {isa = PBXBuildFile; };
		5D03ED0A2328161E006068CB /* AppDelegate.swift in Sources */ = {isa = PBXBuildFile; fileRef = 5D03ED092328161E006068CB /* AppDelegate.swift */; };
		5D03ED0C2328161E006068CB /* CreateGoalViewController.swift in Sources */ = {isa = PBXBuildFile; fileRef = 5D03ED0B2328161E006068CB /* CreateGoalViewController.swift */; };
		5D03ED1123281620006068CB /* Assets.xcassets in Resources */ = {isa = PBXBuildFile; fileRef = 5D03ED1023281620006068CB /* Assets.xcassets */; };
		5D03ED1423281620006068CB /* LaunchScreen.storyboard in Resources */ = {isa = PBXBuildFile; fileRef = 5D03ED1223281620006068CB /* LaunchScreen.storyboard */; };
		5D03ED1F23281620006068CB /* WallPaperDevTests.swift in Sources */ = {isa = PBXBuildFile; fileRef = 5D03ED1E23281620006068CB /* WallPaperDevTests.swift */; };
		5D03ED2A23281620006068CB /* WallPaperDevUITests.swift in Sources */ = {isa = PBXBuildFile; fileRef = 5D03ED2923281620006068CB /* WallPaperDevUITests.swift */; };
		5D03ED38232816D3006068CB /* CreateGoalView.swift in Sources */ = {isa = PBXBuildFile; fileRef = 5D03ED37232816D3006068CB /* CreateGoalView.swift */; };
		5D051784232C020000B94C4B /* HomeViewController.swift in Sources */ = {isa = PBXBuildFile; fileRef = 5D051783232C020000B94C4B /* HomeViewController.swift */; };
		5D051786232C025200B94C4B /* HomeBackgroundView.swift in Sources */ = {isa = PBXBuildFile; fileRef = 5D051785232C025200B94C4B /* HomeBackgroundView.swift */; };
		5D4CB52A23388B2A00187B33 /* EmptyStateView.swift in Sources */ = {isa = PBXBuildFile; fileRef = 5D4CB52923388B2A00187B33 /* EmptyStateView.swift */; };
		5DF925512339BFF5004CE8AA /* AddButton.swift in Sources */ = {isa = PBXBuildFile; fileRef = 5DF925502339BFF5004CE8AA /* AddButton.swift */; };
		5DFF6B96233D64760077F712 /* HomeViewModel.swift in Sources */ = {isa = PBXBuildFile; fileRef = 5DFF6B95233D64760077F712 /* HomeViewModel.swift */; };
		5DFF6B98233D7C460077F712 /* PaddingLabel.swift in Sources */ = {isa = PBXBuildFile; fileRef = 5DFF6B97233D7C460077F712 /* PaddingLabel.swift */; };
		A08D33C462BFF6682E9EB0DB /* Pods_WallPaperDevTests.framework in Frameworks */ = {isa = PBXBuildFile; fileRef = 733D2F71AFBF80956D117DFD /* Pods_WallPaperDevTests.framework */; };
/* End PBXBuildFile section */

/* Begin PBXContainerItemProxy section */
		5D03ED1B23281620006068CB /* PBXContainerItemProxy */ = {
			isa = PBXContainerItemProxy;
			containerPortal = 5D03ECFE2328161E006068CB /* Project object */;
			proxyType = 1;
			remoteGlobalIDString = 5D03ED052328161E006068CB;
			remoteInfo = WallPaperDev;
		};
		5D03ED2623281620006068CB /* PBXContainerItemProxy */ = {
			isa = PBXContainerItemProxy;
			containerPortal = 5D03ECFE2328161E006068CB /* Project object */;
			proxyType = 1;
			remoteGlobalIDString = 5D03ED052328161E006068CB;
			remoteInfo = WallPaperDev;
		};
/* End PBXContainerItemProxy section */

/* Begin PBXFileReference section */
		0229E01D05EF1DC2A575B53E /* Pods-WallPaperDev.release.xcconfig */ = {isa = PBXFileReference; includeInIndex = 1; lastKnownFileType = text.xcconfig; name = "Pods-WallPaperDev.release.xcconfig"; path = "Pods/Target Support Files/Pods-WallPaperDev/Pods-WallPaperDev.release.xcconfig"; sourceTree = "<group>"; };
		0FA498DE116D7593CF41BA83 /* Pods-WallPaperDevUITests.release.xcconfig */ = {isa = PBXFileReference; includeInIndex = 1; lastKnownFileType = text.xcconfig; name = "Pods-WallPaperDevUITests.release.xcconfig"; path = "Pods/Target Support Files/Pods-WallPaperDevUITests/Pods-WallPaperDevUITests.release.xcconfig"; sourceTree = "<group>"; };
		3CDE004E6DB3143FC176262F /* Pods-WallPaperDevTests.debug.xcconfig */ = {isa = PBXFileReference; includeInIndex = 1; lastKnownFileType = text.xcconfig; name = "Pods-WallPaperDevTests.debug.xcconfig"; path = "Pods/Target Support Files/Pods-WallPaperDevTests/Pods-WallPaperDevTests.debug.xcconfig"; sourceTree = "<group>"; };
		4467167C232DC7AF005C910E /* BlueLabel.swift */ = {isa = PBXFileReference; lastKnownFileType = sourcecode.swift; path = BlueLabel.swift; sourceTree = "<group>"; };
		4467167E232DC9E8005C910E /* BigBlueButton.swift */ = {isa = PBXFileReference; lastKnownFileType = sourcecode.swift; path = BigBlueButton.swift; sourceTree = "<group>"; };
		44C0B51923301A1B0015110B /* GoalNameTextField.swift */ = {isa = PBXFileReference; lastKnownFileType = sourcecode.swift; path = GoalNameTextField.swift; sourceTree = "<group>"; };
		44C0B51B233023EF0015110B /* GoalDescriptionTextView.swift */ = {isa = PBXFileReference; lastKnownFileType = sourcecode.swift; path = GoalDescriptionTextView.swift; sourceTree = "<group>"; };
		4AF58B3DF177BDB9B36FB4E8 /* Pods-WallPaperDevTests.release.xcconfig */ = {isa = PBXFileReference; includeInIndex = 1; lastKnownFileType = text.xcconfig; name = "Pods-WallPaperDevTests.release.xcconfig"; path = "Pods/Target Support Files/Pods-WallPaperDevTests/Pods-WallPaperDevTests.release.xcconfig"; sourceTree = "<group>"; };
		5D03ED062328161E006068CB /* WallPaperDev.app */ = {isa = PBXFileReference; explicitFileType = wrapper.application; includeInIndex = 0; path = WallPaperDev.app; sourceTree = BUILT_PRODUCTS_DIR; };
		5D03ED092328161E006068CB /* AppDelegate.swift */ = {isa = PBXFileReference; lastKnownFileType = sourcecode.swift; path = AppDelegate.swift; sourceTree = "<group>"; };
		5D03ED0B2328161E006068CB /* CreateGoalViewController.swift */ = {isa = PBXFileReference; lastKnownFileType = sourcecode.swift; path = CreateGoalViewController.swift; sourceTree = "<group>"; };
		5D03ED1023281620006068CB /* Assets.xcassets */ = {isa = PBXFileReference; lastKnownFileType = folder.assetcatalog; path = Assets.xcassets; sourceTree = "<group>"; };
		5D03ED1323281620006068CB /* Base */ = {isa = PBXFileReference; lastKnownFileType = file.storyboard; name = Base; path = Base.lproj/LaunchScreen.storyboard; sourceTree = "<group>"; };
		5D03ED1523281620006068CB /* Info.plist */ = {isa = PBXFileReference; lastKnownFileType = text.plist.xml; path = Info.plist; sourceTree = "<group>"; };
		5D03ED1A23281620006068CB /* WallPaperDevTests.xctest */ = {isa = PBXFileReference; explicitFileType = wrapper.cfbundle; includeInIndex = 0; path = WallPaperDevTests.xctest; sourceTree = BUILT_PRODUCTS_DIR; };
		5D03ED1E23281620006068CB /* WallPaperDevTests.swift */ = {isa = PBXFileReference; lastKnownFileType = sourcecode.swift; path = WallPaperDevTests.swift; sourceTree = "<group>"; };
		5D03ED2023281620006068CB /* Info.plist */ = {isa = PBXFileReference; lastKnownFileType = text.plist.xml; path = Info.plist; sourceTree = "<group>"; };
		5D03ED2523281620006068CB /* WallPaperDevUITests.xctest */ = {isa = PBXFileReference; explicitFileType = wrapper.cfbundle; includeInIndex = 0; path = WallPaperDevUITests.xctest; sourceTree = BUILT_PRODUCTS_DIR; };
		5D03ED2923281620006068CB /* WallPaperDevUITests.swift */ = {isa = PBXFileReference; lastKnownFileType = sourcecode.swift; path = WallPaperDevUITests.swift; sourceTree = "<group>"; };
		5D03ED2B23281620006068CB /* Info.plist */ = {isa = PBXFileReference; lastKnownFileType = text.plist.xml; path = Info.plist; sourceTree = "<group>"; };
		5D03ED37232816D3006068CB /* CreateGoalView.swift */ = {isa = PBXFileReference; lastKnownFileType = sourcecode.swift; path = CreateGoalView.swift; sourceTree = "<group>"; };
		5D051783232C020000B94C4B /* HomeViewController.swift */ = {isa = PBXFileReference; lastKnownFileType = sourcecode.swift; path = HomeViewController.swift; sourceTree = "<group>"; };
		5D051785232C025200B94C4B /* HomeBackgroundView.swift */ = {isa = PBXFileReference; lastKnownFileType = sourcecode.swift; path = HomeBackgroundView.swift; sourceTree = "<group>"; };
		5D4CB52923388B2A00187B33 /* EmptyStateView.swift */ = {isa = PBXFileReference; lastKnownFileType = sourcecode.swift; path = EmptyStateView.swift; sourceTree = "<group>"; };
		5DF925502339BFF5004CE8AA /* AddButton.swift */ = {isa = PBXFileReference; lastKnownFileType = sourcecode.swift; path = AddButton.swift; sourceTree = "<group>"; };
		5DFF6B95233D64760077F712 /* HomeViewModel.swift */ = {isa = PBXFileReference; lastKnownFileType = sourcecode.swift; path = HomeViewModel.swift; sourceTree = "<group>"; };
		5DFF6B97233D7C460077F712 /* PaddingLabel.swift */ = {isa = PBXFileReference; lastKnownFileType = sourcecode.swift; path = PaddingLabel.swift; sourceTree = "<group>"; };
		733D2F71AFBF80956D117DFD /* Pods_WallPaperDevTests.framework */ = {isa = PBXFileReference; explicitFileType = wrapper.framework; includeInIndex = 0; path = Pods_WallPaperDevTests.framework; sourceTree = BUILT_PRODUCTS_DIR; };
		8FBCEEB6B01429933B9BCD6B /* Pods-WallPaperDev.debug.xcconfig */ = {isa = PBXFileReference; includeInIndex = 1; lastKnownFileType = text.xcconfig; name = "Pods-WallPaperDev.debug.xcconfig"; path = "Pods/Target Support Files/Pods-WallPaperDev/Pods-WallPaperDev.debug.xcconfig"; sourceTree = "<group>"; };
		A502B4B663DD1FAC667DC34F /* Pods_WallPaperDevUITests.framework */ = {isa = PBXFileReference; explicitFileType = wrapper.framework; includeInIndex = 0; path = Pods_WallPaperDevUITests.framework; sourceTree = BUILT_PRODUCTS_DIR; };
		C25928146D38DF836F7363F4 /* Pods-WallPaperDevUITests.debug.xcconfig */ = {isa = PBXFileReference; includeInIndex = 1; lastKnownFileType = text.xcconfig; name = "Pods-WallPaperDevUITests.debug.xcconfig"; path = "Pods/Target Support Files/Pods-WallPaperDevUITests/Pods-WallPaperDevUITests.debug.xcconfig"; sourceTree = "<group>"; };
		C47BB523AE4EF33A00ED5918 /* Pods_WallPaperDev.framework */ = {isa = PBXFileReference; explicitFileType = wrapper.framework; includeInIndex = 0; path = Pods_WallPaperDev.framework; sourceTree = BUILT_PRODUCTS_DIR; };
/* End PBXFileReference section */

/* Begin PBXFrameworksBuildPhase section */
		5D03ED032328161E006068CB /* Frameworks */ = {
			isa = PBXFrameworksBuildPhase;
			buildActionMask = 2147483647;
			files = (
				565274D1ABBE06339214BE60 /* Pods_WallPaperDev.framework in Frameworks */,
			);
			runOnlyForDeploymentPostprocessing = 0;
		};
		5D03ED1723281620006068CB /* Frameworks */ = {
			isa = PBXFrameworksBuildPhase;
			buildActionMask = 2147483647;
			files = (
				A08D33C462BFF6682E9EB0DB /* Pods_WallPaperDevTests.framework in Frameworks */,
			);
			runOnlyForDeploymentPostprocessing = 0;
		};
		5D03ED2223281620006068CB /* Frameworks */ = {
			isa = PBXFrameworksBuildPhase;
			buildActionMask = 2147483647;
			files = (
				4F2FDA7F410F858BC484E89A /* Pods_WallPaperDevUITests.framework in Frameworks */,
			);
			runOnlyForDeploymentPostprocessing = 0;
		};
/* End PBXFrameworksBuildPhase section */

/* Begin PBXGroup section */
		44671678232DC5D9005C910E /* Models */ = {
			isa = PBXGroup;
			children = (
			);
			path = Models;
			sourceTree = "<group>";
		};
		44671679232DC5E5005C910E /* View Models */ = {
			isa = PBXGroup;
			children = (
				5DFF6B95233D64760077F712 /* HomeViewModel.swift */,
			);
			path = "View Models";
			sourceTree = "<group>";
		};
		4F48B4EBA738503813B22A9B /* Frameworks */ = {
			isa = PBXGroup;
			children = (
				C47BB523AE4EF33A00ED5918 /* Pods_WallPaperDev.framework */,
				733D2F71AFBF80956D117DFD /* Pods_WallPaperDevTests.framework */,
				A502B4B663DD1FAC667DC34F /* Pods_WallPaperDevUITests.framework */,
			);
			name = Frameworks;
			sourceTree = "<group>";
		};
		5030B4B7CCED1D97FC740B26 /* Pods */ = {
			isa = PBXGroup;
			children = (
				8FBCEEB6B01429933B9BCD6B /* Pods-WallPaperDev.debug.xcconfig */,
				0229E01D05EF1DC2A575B53E /* Pods-WallPaperDev.release.xcconfig */,
				3CDE004E6DB3143FC176262F /* Pods-WallPaperDevTests.debug.xcconfig */,
				4AF58B3DF177BDB9B36FB4E8 /* Pods-WallPaperDevTests.release.xcconfig */,
				C25928146D38DF836F7363F4 /* Pods-WallPaperDevUITests.debug.xcconfig */,
				0FA498DE116D7593CF41BA83 /* Pods-WallPaperDevUITests.release.xcconfig */,
			);
			name = Pods;
			sourceTree = "<group>";
		};
		5D03ECFD2328161E006068CB = {
			isa = PBXGroup;
			children = (
				5D03ED082328161E006068CB /* WallPaperDev */,
				5D03ED1D23281620006068CB /* WallPaperDevTests */,
				5D03ED2823281620006068CB /* WallPaperDevUITests */,
				5D03ED072328161E006068CB /* Products */,
				5030B4B7CCED1D97FC740B26 /* Pods */,
				4F48B4EBA738503813B22A9B /* Frameworks */,
			);
			sourceTree = "<group>";
		};
		5D03ED072328161E006068CB /* Products */ = {
			isa = PBXGroup;
			children = (
				5D03ED062328161E006068CB /* WallPaperDev.app */,
				5D03ED1A23281620006068CB /* WallPaperDevTests.xctest */,
				5D03ED2523281620006068CB /* WallPaperDevUITests.xctest */,
			);
			name = Products;
			sourceTree = "<group>";
		};
		5D03ED082328161E006068CB /* WallPaperDev */ = {
			isa = PBXGroup;
			children = (
				44671678232DC5D9005C910E /* Models */,
				44671679232DC5E5005C910E /* View Models */,
				5D9C52A1232B14D800608D6D /* Controllers */,
				5D9C52A2232B14E700608D6D /* Views */,
				5D03ED092328161E006068CB /* AppDelegate.swift */,
				5D03ED1523281620006068CB /* Info.plist */,
				5D03ED1023281620006068CB /* Assets.xcassets */,
			);
			path = WallPaperDev;
			sourceTree = "<group>";
		};
		5D03ED1D23281620006068CB /* WallPaperDevTests */ = {
			isa = PBXGroup;
			children = (
				5D03ED1E23281620006068CB /* WallPaperDevTests.swift */,
				5D03ED2023281620006068CB /* Info.plist */,
			);
			path = WallPaperDevTests;
			sourceTree = "<group>";
		};
		5D03ED2823281620006068CB /* WallPaperDevUITests */ = {
			isa = PBXGroup;
			children = (
				5D03ED2923281620006068CB /* WallPaperDevUITests.swift */,
				5D03ED2B23281620006068CB /* Info.plist */,
			);
			path = WallPaperDevUITests;
			sourceTree = "<group>";
		};
		5D9C52A1232B14D800608D6D /* Controllers */ = {
			isa = PBXGroup;
			children = (
				5D051783232C020000B94C4B /* HomeViewController.swift */,
				5D03ED0B2328161E006068CB /* CreateGoalViewController.swift */,
			);
			path = Controllers;
			sourceTree = "<group>";
		};
		5D9C52A2232B14E700608D6D /* Views */ = {
			isa = PBXGroup;
			children = (
				5DF925502339BFF5004CE8AA /* AddButton.swift */,
				4467167E232DC9E8005C910E /* BigBlueButton.swift */,
				4467167C232DC7AF005C910E /* BlueLabel.swift */,
				5D03ED37232816D3006068CB /* CreateGoalView.swift */,
				5D4CB52923388B2A00187B33 /* EmptyStateView.swift */,
				44C0B51B233023EF0015110B /* GoalDescriptionTextView.swift */,
				44C0B51923301A1B0015110B /* GoalNameTextField.swift */,
				5D051785232C025200B94C4B /* HomeBackgroundView.swift */,
				5DFF6B97233D7C460077F712 /* PaddingLabel.swift */,
				5D03ED1223281620006068CB /* LaunchScreen.storyboard */,
			);
			path = Views;
			sourceTree = "<group>";
		};
/* End PBXGroup section */

/* Begin PBXNativeTarget section */
		5D03ED052328161E006068CB /* WallPaperDev */ = {
			isa = PBXNativeTarget;
			buildConfigurationList = 5D03ED2E23281620006068CB /* Build configuration list for PBXNativeTarget "WallPaperDev" */;
			buildPhases = (
				DB1B88C749532524E953DE37 /* [CP] Check Pods Manifest.lock */,
				5D03ED022328161E006068CB /* Sources */,
				5D03ED032328161E006068CB /* Frameworks */,
				5D03ED042328161E006068CB /* Resources */,
				44671677232DAB7D005C910E /* ShellScript */,
			);
			buildRules = (
			);
			dependencies = (
			);
			name = WallPaperDev;
			productName = WallPaperDev;
			productReference = 5D03ED062328161E006068CB /* WallPaperDev.app */;
			productType = "com.apple.product-type.application";
		};
		5D03ED1923281620006068CB /* WallPaperDevTests */ = {
			isa = PBXNativeTarget;
			buildConfigurationList = 5D03ED3123281620006068CB /* Build configuration list for PBXNativeTarget "WallPaperDevTests" */;
			buildPhases = (
				5496585B4A8B6D843C70E721 /* [CP] Check Pods Manifest.lock */,
				5D03ED1623281620006068CB /* Sources */,
				5D03ED1723281620006068CB /* Frameworks */,
				5D03ED1823281620006068CB /* Resources */,
			);
			buildRules = (
			);
			dependencies = (
				5D03ED1C23281620006068CB /* PBXTargetDependency */,
			);
			name = WallPaperDevTests;
			productName = WallPaperDevTests;
			productReference = 5D03ED1A23281620006068CB /* WallPaperDevTests.xctest */;
			productType = "com.apple.product-type.bundle.unit-test";
		};
		5D03ED2423281620006068CB /* WallPaperDevUITests */ = {
			isa = PBXNativeTarget;
			buildConfigurationList = 5D03ED3423281620006068CB /* Build configuration list for PBXNativeTarget "WallPaperDevUITests" */;
			buildPhases = (
				F6D7ECFEED0B03892576C58C /* [CP] Check Pods Manifest.lock */,
				5D03ED2123281620006068CB /* Sources */,
				5D03ED2223281620006068CB /* Frameworks */,
				5D03ED2323281620006068CB /* Resources */,
			);
			buildRules = (
			);
			dependencies = (
				5D03ED2723281620006068CB /* PBXTargetDependency */,
			);
			name = WallPaperDevUITests;
			productName = WallPaperDevUITests;
			productReference = 5D03ED2523281620006068CB /* WallPaperDevUITests.xctest */;
			productType = "com.apple.product-type.bundle.ui-testing";
		};
/* End PBXNativeTarget section */

/* Begin PBXProject section */
		5D03ECFE2328161E006068CB /* Project object */ = {
			isa = PBXProject;
			attributes = {
				LastSwiftUpdateCheck = 1020;
				LastUpgradeCheck = 1020;
				ORGANIZATIONNAME = "Stephen Ouyang";
				TargetAttributes = {
					5D03ED052328161E006068CB = {
						CreatedOnToolsVersion = 10.2.1;
					};
					5D03ED1923281620006068CB = {
						CreatedOnToolsVersion = 10.2.1;
						TestTargetID = 5D03ED052328161E006068CB;
					};
					5D03ED2423281620006068CB = {
						CreatedOnToolsVersion = 10.2.1;
						TestTargetID = 5D03ED052328161E006068CB;
					};
				};
			};
			buildConfigurationList = 5D03ED012328161E006068CB /* Build configuration list for PBXProject "WallPaperDev" */;
			compatibilityVersion = "Xcode 9.3";
			developmentRegion = en;
			hasScannedForEncodings = 0;
			knownRegions = (
				en,
				Base,
			);
			mainGroup = 5D03ECFD2328161E006068CB;
			productRefGroup = 5D03ED072328161E006068CB /* Products */;
			projectDirPath = "";
			projectRoot = "";
			targets = (
				5D03ED052328161E006068CB /* WallPaperDev */,
				5D03ED1923281620006068CB /* WallPaperDevTests */,
				5D03ED2423281620006068CB /* WallPaperDevUITests */,
			);
		};
/* End PBXProject section */

/* Begin PBXResourcesBuildPhase section */
		5D03ED042328161E006068CB /* Resources */ = {
			isa = PBXResourcesBuildPhase;
			buildActionMask = 2147483647;
			files = (
				5D03ED1423281620006068CB /* LaunchScreen.storyboard in Resources */,
				5D03ED1123281620006068CB /* Assets.xcassets in Resources */,
			);
			runOnlyForDeploymentPostprocessing = 0;
		};
		5D03ED1823281620006068CB /* Resources */ = {
			isa = PBXResourcesBuildPhase;
			buildActionMask = 2147483647;
			files = (
			);
			runOnlyForDeploymentPostprocessing = 0;
		};
		5D03ED2323281620006068CB /* Resources */ = {
			isa = PBXResourcesBuildPhase;
			buildActionMask = 2147483647;
			files = (
			);
			runOnlyForDeploymentPostprocessing = 0;
		};
/* End PBXResourcesBuildPhase section */

/* Begin PBXShellScriptBuildPhase section */
		44671677232DAB7D005C910E /* ShellScript */ = {
			isa = PBXShellScriptBuildPhase;
			buildActionMask = 2147483647;
			files = (
			);
			inputFileListPaths = (
			);
			inputPaths = (
			);
			outputFileListPaths = (
			);
			outputPaths = (
			);
			runOnlyForDeploymentPostprocessing = 0;
			shellPath = /bin/sh;
			shellScript = "# Type a script or drag a script file from your workspace to insert its path.\n\"${PODS_ROOT}/SwiftLint/swiftlint\"\n";
		};
		5496585B4A8B6D843C70E721 /* [CP] Check Pods Manifest.lock */ = {
			isa = PBXShellScriptBuildPhase;
			buildActionMask = 2147483647;
			files = (
			);
			inputFileListPaths = (
			);
			inputPaths = (
				"${PODS_PODFILE_DIR_PATH}/Podfile.lock",
				"${PODS_ROOT}/Manifest.lock",
			);
			name = "[CP] Check Pods Manifest.lock";
			outputFileListPaths = (
			);
			outputPaths = (
				"$(DERIVED_FILE_DIR)/Pods-WallPaperDevTests-checkManifestLockResult.txt",
			);
			runOnlyForDeploymentPostprocessing = 0;
			shellPath = /bin/sh;
			shellScript = "diff \"${PODS_PODFILE_DIR_PATH}/Podfile.lock\" \"${PODS_ROOT}/Manifest.lock\" > /dev/null\nif [ $? != 0 ] ; then\n    # print error to STDERR\n    echo \"error: The sandbox is not in sync with the Podfile.lock. Run 'pod install' or update your CocoaPods installation.\" >&2\n    exit 1\nfi\n# This output is used by Xcode 'outputs' to avoid re-running this script phase.\necho \"SUCCESS\" > \"${SCRIPT_OUTPUT_FILE_0}\"\n";
			showEnvVarsInLog = 0;
		};
		DB1B88C749532524E953DE37 /* [CP] Check Pods Manifest.lock */ = {
			isa = PBXShellScriptBuildPhase;
			buildActionMask = 2147483647;
			files = (
			);
			inputFileListPaths = (
			);
			inputPaths = (
				"${PODS_PODFILE_DIR_PATH}/Podfile.lock",
				"${PODS_ROOT}/Manifest.lock",
			);
			name = "[CP] Check Pods Manifest.lock";
			outputFileListPaths = (
			);
			outputPaths = (
				"$(DERIVED_FILE_DIR)/Pods-WallPaperDev-checkManifestLockResult.txt",
			);
			runOnlyForDeploymentPostprocessing = 0;
			shellPath = /bin/sh;
			shellScript = "diff \"${PODS_PODFILE_DIR_PATH}/Podfile.lock\" \"${PODS_ROOT}/Manifest.lock\" > /dev/null\nif [ $? != 0 ] ; then\n    # print error to STDERR\n    echo \"error: The sandbox is not in sync with the Podfile.lock. Run 'pod install' or update your CocoaPods installation.\" >&2\n    exit 1\nfi\n# This output is used by Xcode 'outputs' to avoid re-running this script phase.\necho \"SUCCESS\" > \"${SCRIPT_OUTPUT_FILE_0}\"\n";
			showEnvVarsInLog = 0;
		};
		F6D7ECFEED0B03892576C58C /* [CP] Check Pods Manifest.lock */ = {
			isa = PBXShellScriptBuildPhase;
			buildActionMask = 2147483647;
			files = (
			);
			inputFileListPaths = (
			);
			inputPaths = (
				"${PODS_PODFILE_DIR_PATH}/Podfile.lock",
				"${PODS_ROOT}/Manifest.lock",
			);
			name = "[CP] Check Pods Manifest.lock";
			outputFileListPaths = (
			);
			outputPaths = (
				"$(DERIVED_FILE_DIR)/Pods-WallPaperDevUITests-checkManifestLockResult.txt",
			);
			runOnlyForDeploymentPostprocessing = 0;
			shellPath = /bin/sh;
			shellScript = "diff \"${PODS_PODFILE_DIR_PATH}/Podfile.lock\" \"${PODS_ROOT}/Manifest.lock\" > /dev/null\nif [ $? != 0 ] ; then\n    # print error to STDERR\n    echo \"error: The sandbox is not in sync with the Podfile.lock. Run 'pod install' or update your CocoaPods installation.\" >&2\n    exit 1\nfi\n# This output is used by Xcode 'outputs' to avoid re-running this script phase.\necho \"SUCCESS\" > \"${SCRIPT_OUTPUT_FILE_0}\"\n";
			showEnvVarsInLog = 0;
		};
/* End PBXShellScriptBuildPhase section */

/* Begin PBXSourcesBuildPhase section */
		5D03ED022328161E006068CB /* Sources */ = {
			isa = PBXSourcesBuildPhase;
			buildActionMask = 2147483647;
			files = (
				5D4CB52A23388B2A00187B33 /* EmptyStateView.swift in Sources */,
				5D051784232C020000B94C4B /* HomeViewController.swift in Sources */,
				5D008DE2233945B500C73DD1 /* (null) in Sources */,
				5DF925512339BFF5004CE8AA /* AddButton.swift in Sources */,
				5D051786232C025200B94C4B /* HomeBackgroundView.swift in Sources */,
				5D03ED38232816D3006068CB /* CreateGoalView.swift in Sources */,
				4467167F232DC9E8005C910E /* BigBlueButton.swift in Sources */,
				5D03ED0C2328161E006068CB /* CreateGoalViewController.swift in Sources */,
				5DFF6B98233D7C460077F712 /* PaddingLabel.swift in Sources */,
				5DFF6B96233D64760077F712 /* HomeViewModel.swift in Sources */,
				44C0B51C233023EF0015110B /* GoalDescriptionTextView.swift in Sources */,
				44C0B51A23301A1B0015110B /* GoalNameTextField.swift in Sources */,
				4467167D232DC7AF005C910E /* BlueLabel.swift in Sources */,
				5D03ED0A2328161E006068CB /* AppDelegate.swift in Sources */,
			);
			runOnlyForDeploymentPostprocessing = 0;
		};
		5D03ED1623281620006068CB /* Sources */ = {
			isa = PBXSourcesBuildPhase;
			buildActionMask = 2147483647;
			files = (
				5D03ED1F23281620006068CB /* WallPaperDevTests.swift in Sources */,
			);
			runOnlyForDeploymentPostprocessing = 0;
		};
		5D03ED2123281620006068CB /* Sources */ = {
			isa = PBXSourcesBuildPhase;
			buildActionMask = 2147483647;
			files = (
				5D03ED2A23281620006068CB /* WallPaperDevUITests.swift in Sources */,
			);
			runOnlyForDeploymentPostprocessing = 0;
		};
/* End PBXSourcesBuildPhase section */

/* Begin PBXTargetDependency section */
		5D03ED1C23281620006068CB /* PBXTargetDependency */ = {
			isa = PBXTargetDependency;
			target = 5D03ED052328161E006068CB /* WallPaperDev */;
			targetProxy = 5D03ED1B23281620006068CB /* PBXContainerItemProxy */;
		};
		5D03ED2723281620006068CB /* PBXTargetDependency */ = {
			isa = PBXTargetDependency;
			target = 5D03ED052328161E006068CB /* WallPaperDev */;
			targetProxy = 5D03ED2623281620006068CB /* PBXContainerItemProxy */;
		};
/* End PBXTargetDependency section */

/* Begin PBXVariantGroup section */
		5D03ED1223281620006068CB /* LaunchScreen.storyboard */ = {
			isa = PBXVariantGroup;
			children = (
				5D03ED1323281620006068CB /* Base */,
			);
			name = LaunchScreen.storyboard;
			sourceTree = "<group>";
		};
/* End PBXVariantGroup section */

/* Begin XCBuildConfiguration section */
		5D03ED2C23281620006068CB /* Debug */ = {
			isa = XCBuildConfiguration;
			buildSettings = {
				ALWAYS_SEARCH_USER_PATHS = NO;
				CLANG_ANALYZER_NONNULL = YES;
				CLANG_ANALYZER_NUMBER_OBJECT_CONVERSION = YES_AGGRESSIVE;
				CLANG_CXX_LANGUAGE_STANDARD = "gnu++14";
				CLANG_CXX_LIBRARY = "libc++";
				CLANG_ENABLE_MODULES = YES;
				CLANG_ENABLE_OBJC_ARC = YES;
				CLANG_ENABLE_OBJC_WEAK = YES;
				CLANG_WARN_BLOCK_CAPTURE_AUTORELEASING = YES;
				CLANG_WARN_BOOL_CONVERSION = YES;
				CLANG_WARN_COMMA = YES;
				CLANG_WARN_CONSTANT_CONVERSION = YES;
				CLANG_WARN_DEPRECATED_OBJC_IMPLEMENTATIONS = YES;
				CLANG_WARN_DIRECT_OBJC_ISA_USAGE = YES_ERROR;
				CLANG_WARN_DOCUMENTATION_COMMENTS = YES;
				CLANG_WARN_EMPTY_BODY = YES;
				CLANG_WARN_ENUM_CONVERSION = YES;
				CLANG_WARN_INFINITE_RECURSION = YES;
				CLANG_WARN_INT_CONVERSION = YES;
				CLANG_WARN_NON_LITERAL_NULL_CONVERSION = YES;
				CLANG_WARN_OBJC_IMPLICIT_RETAIN_SELF = YES;
				CLANG_WARN_OBJC_LITERAL_CONVERSION = YES;
				CLANG_WARN_OBJC_ROOT_CLASS = YES_ERROR;
				CLANG_WARN_RANGE_LOOP_ANALYSIS = YES;
				CLANG_WARN_STRICT_PROTOTYPES = YES;
				CLANG_WARN_SUSPICIOUS_MOVE = YES;
				CLANG_WARN_UNGUARDED_AVAILABILITY = YES_AGGRESSIVE;
				CLANG_WARN_UNREACHABLE_CODE = YES;
				CLANG_WARN__DUPLICATE_METHOD_MATCH = YES;
				CODE_SIGN_IDENTITY = "iPhone Developer";
				COPY_PHASE_STRIP = NO;
				DEBUG_INFORMATION_FORMAT = dwarf;
				ENABLE_STRICT_OBJC_MSGSEND = YES;
				ENABLE_TESTABILITY = YES;
				GCC_C_LANGUAGE_STANDARD = gnu11;
				GCC_DYNAMIC_NO_PIC = NO;
				GCC_NO_COMMON_BLOCKS = YES;
				GCC_OPTIMIZATION_LEVEL = 0;
				GCC_PREPROCESSOR_DEFINITIONS = (
					"DEBUG=1",
					"$(inherited)",
				);
				GCC_WARN_64_TO_32_BIT_CONVERSION = YES;
				GCC_WARN_ABOUT_RETURN_TYPE = YES_ERROR;
				GCC_WARN_UNDECLARED_SELECTOR = YES;
				GCC_WARN_UNINITIALIZED_AUTOS = YES_AGGRESSIVE;
				GCC_WARN_UNUSED_FUNCTION = YES;
				GCC_WARN_UNUSED_VARIABLE = YES;
				IPHONEOS_DEPLOYMENT_TARGET = 12.2;
				MTL_ENABLE_DEBUG_INFO = INCLUDE_SOURCE;
				MTL_FAST_MATH = YES;
				ONLY_ACTIVE_ARCH = YES;
				SDKROOT = iphoneos;
				SWIFT_ACTIVE_COMPILATION_CONDITIONS = DEBUG;
				SWIFT_OPTIMIZATION_LEVEL = "-Onone";
			};
			name = Debug;
		};
		5D03ED2D23281620006068CB /* Release */ = {
			isa = XCBuildConfiguration;
			buildSettings = {
				ALWAYS_SEARCH_USER_PATHS = NO;
				CLANG_ANALYZER_NONNULL = YES;
				CLANG_ANALYZER_NUMBER_OBJECT_CONVERSION = YES_AGGRESSIVE;
				CLANG_CXX_LANGUAGE_STANDARD = "gnu++14";
				CLANG_CXX_LIBRARY = "libc++";
				CLANG_ENABLE_MODULES = YES;
				CLANG_ENABLE_OBJC_ARC = YES;
				CLANG_ENABLE_OBJC_WEAK = YES;
				CLANG_WARN_BLOCK_CAPTURE_AUTORELEASING = YES;
				CLANG_WARN_BOOL_CONVERSION = YES;
				CLANG_WARN_COMMA = YES;
				CLANG_WARN_CONSTANT_CONVERSION = YES;
				CLANG_WARN_DEPRECATED_OBJC_IMPLEMENTATIONS = YES;
				CLANG_WARN_DIRECT_OBJC_ISA_USAGE = YES_ERROR;
				CLANG_WARN_DOCUMENTATION_COMMENTS = YES;
				CLANG_WARN_EMPTY_BODY = YES;
				CLANG_WARN_ENUM_CONVERSION = YES;
				CLANG_WARN_INFINITE_RECURSION = YES;
				CLANG_WARN_INT_CONVERSION = YES;
				CLANG_WARN_NON_LITERAL_NULL_CONVERSION = YES;
				CLANG_WARN_OBJC_IMPLICIT_RETAIN_SELF = YES;
				CLANG_WARN_OBJC_LITERAL_CONVERSION = YES;
				CLANG_WARN_OBJC_ROOT_CLASS = YES_ERROR;
				CLANG_WARN_RANGE_LOOP_ANALYSIS = YES;
				CLANG_WARN_STRICT_PROTOTYPES = YES;
				CLANG_WARN_SUSPICIOUS_MOVE = YES;
				CLANG_WARN_UNGUARDED_AVAILABILITY = YES_AGGRESSIVE;
				CLANG_WARN_UNREACHABLE_CODE = YES;
				CLANG_WARN__DUPLICATE_METHOD_MATCH = YES;
				CODE_SIGN_IDENTITY = "iPhone Developer";
				COPY_PHASE_STRIP = NO;
				DEBUG_INFORMATION_FORMAT = "dwarf-with-dsym";
				ENABLE_NS_ASSERTIONS = NO;
				ENABLE_STRICT_OBJC_MSGSEND = YES;
				GCC_C_LANGUAGE_STANDARD = gnu11;
				GCC_NO_COMMON_BLOCKS = YES;
				GCC_WARN_64_TO_32_BIT_CONVERSION = YES;
				GCC_WARN_ABOUT_RETURN_TYPE = YES_ERROR;
				GCC_WARN_UNDECLARED_SELECTOR = YES;
				GCC_WARN_UNINITIALIZED_AUTOS = YES_AGGRESSIVE;
				GCC_WARN_UNUSED_FUNCTION = YES;
				GCC_WARN_UNUSED_VARIABLE = YES;
				IPHONEOS_DEPLOYMENT_TARGET = 12.2;
				MTL_ENABLE_DEBUG_INFO = NO;
				MTL_FAST_MATH = YES;
				SDKROOT = iphoneos;
				SWIFT_COMPILATION_MODE = wholemodule;
				SWIFT_OPTIMIZATION_LEVEL = "-O";
				VALIDATE_PRODUCT = YES;
			};
			name = Release;
		};
		5D03ED2F23281620006068CB /* Debug */ = {
			isa = XCBuildConfiguration;
			baseConfigurationReference = 8FBCEEB6B01429933B9BCD6B /* Pods-WallPaperDev.debug.xcconfig */;
			buildSettings = {
				ASSETCATALOG_COMPILER_APPICON_NAME = AppIcon;
				CODE_SIGN_STYLE = Automatic;
				DEVELOPMENT_TEAM = XYLZ368J9Q;
				INFOPLIST_FILE = WallPaperDev/Info.plist;
				LD_RUNPATH_SEARCH_PATHS = (
					"$(inherited)",
					"@executable_path/Frameworks",
				);
				PRODUCT_BUNDLE_IDENTIFIER = "com.Stephen-Ouyang.WallPaperDev";
				PRODUCT_NAME = "$(TARGET_NAME)";
				SWIFT_VERSION = 5.0;
				TARGETED_DEVICE_FAMILY = "1,2";
			};
			name = Debug;
		};
		5D03ED3023281620006068CB /* Release */ = {
			isa = XCBuildConfiguration;
			baseConfigurationReference = 0229E01D05EF1DC2A575B53E /* Pods-WallPaperDev.release.xcconfig */;
			buildSettings = {
				ASSETCATALOG_COMPILER_APPICON_NAME = AppIcon;
				CODE_SIGN_STYLE = Automatic;
				DEVELOPMENT_TEAM = XYLZ368J9Q;
				INFOPLIST_FILE = WallPaperDev/Info.plist;
				LD_RUNPATH_SEARCH_PATHS = (
					"$(inherited)",
					"@executable_path/Frameworks",
				);
				PRODUCT_BUNDLE_IDENTIFIER = "com.Stephen-Ouyang.WallPaperDev";
				PRODUCT_NAME = "$(TARGET_NAME)";
				SWIFT_VERSION = 5.0;
				TARGETED_DEVICE_FAMILY = "1,2";
			};
			name = Release;
		};
		5D03ED3223281620006068CB /* Debug */ = {
			isa = XCBuildConfiguration;
			baseConfigurationReference = 3CDE004E6DB3143FC176262F /* Pods-WallPaperDevTests.debug.xcconfig */;
			buildSettings = {
				ALWAYS_EMBED_SWIFT_STANDARD_LIBRARIES = YES;
				BUNDLE_LOADER = "$(TEST_HOST)";
				CODE_SIGN_STYLE = Automatic;
				DEVELOPMENT_TEAM = R7Y8QKEC95;
				INFOPLIST_FILE = WallPaperDevTests/Info.plist;
				LD_RUNPATH_SEARCH_PATHS = (
					"$(inherited)",
					"@executable_path/Frameworks",
					"@loader_path/Frameworks",
				);
				PRODUCT_BUNDLE_IDENTIFIER = "com.Stephen-Ouyang.WallPaperDevTests";
				PRODUCT_NAME = "$(TARGET_NAME)";
				SWIFT_VERSION = 5.0;
				TARGETED_DEVICE_FAMILY = "1,2";
				TEST_HOST = "$(BUILT_PRODUCTS_DIR)/WallPaperDev.app/WallPaperDev";
			};
			name = Debug;
		};
		5D03ED3323281620006068CB /* Release */ = {
			isa = XCBuildConfiguration;
			baseConfigurationReference = 4AF58B3DF177BDB9B36FB4E8 /* Pods-WallPaperDevTests.release.xcconfig */;
			buildSettings = {
				ALWAYS_EMBED_SWIFT_STANDARD_LIBRARIES = YES;
				BUNDLE_LOADER = "$(TEST_HOST)";
				CODE_SIGN_STYLE = Automatic;
				DEVELOPMENT_TEAM = R7Y8QKEC95;
				INFOPLIST_FILE = WallPaperDevTests/Info.plist;
				LD_RUNPATH_SEARCH_PATHS = (
					"$(inherited)",
					"@executable_path/Frameworks",
					"@loader_path/Frameworks",
				);
				PRODUCT_BUNDLE_IDENTIFIER = "com.Stephen-Ouyang.WallPaperDevTests";
				PRODUCT_NAME = "$(TARGET_NAME)";
				SWIFT_VERSION = 5.0;
				TARGETED_DEVICE_FAMILY = "1,2";
				TEST_HOST = "$(BUILT_PRODUCTS_DIR)/WallPaperDev.app/WallPaperDev";
			};
			name = Release;
		};
		5D03ED3523281620006068CB /* Debug */ = {
			isa = XCBuildConfiguration;
			baseConfigurationReference = C25928146D38DF836F7363F4 /* Pods-WallPaperDevUITests.debug.xcconfig */;
			buildSettings = {
				ALWAYS_EMBED_SWIFT_STANDARD_LIBRARIES = YES;
				CODE_SIGN_STYLE = Automatic;
				DEVELOPMENT_TEAM = R7Y8QKEC95;
				INFOPLIST_FILE = WallPaperDevUITests/Info.plist;
				LD_RUNPATH_SEARCH_PATHS = (
					"$(inherited)",
					"@executable_path/Frameworks",
					"@loader_path/Frameworks",
				);
				PRODUCT_BUNDLE_IDENTIFIER = "com.Stephen-Ouyang.WallPaperDevUITests";
				PRODUCT_NAME = "$(TARGET_NAME)";
				SWIFT_VERSION = 5.0;
				TARGETED_DEVICE_FAMILY = "1,2";
				TEST_TARGET_NAME = WallPaperDev;
			};
			name = Debug;
		};
		5D03ED3623281620006068CB /* Release */ = {
			isa = XCBuildConfiguration;
			baseConfigurationReference = 0FA498DE116D7593CF41BA83 /* Pods-WallPaperDevUITests.release.xcconfig */;
			buildSettings = {
				ALWAYS_EMBED_SWIFT_STANDARD_LIBRARIES = YES;
				CODE_SIGN_STYLE = Automatic;
				DEVELOPMENT_TEAM = R7Y8QKEC95;
				INFOPLIST_FILE = WallPaperDevUITests/Info.plist;
				LD_RUNPATH_SEARCH_PATHS = (
					"$(inherited)",
					"@executable_path/Frameworks",
					"@loader_path/Frameworks",
				);
				PRODUCT_BUNDLE_IDENTIFIER = "com.Stephen-Ouyang.WallPaperDevUITests";
				PRODUCT_NAME = "$(TARGET_NAME)";
				SWIFT_VERSION = 5.0;
				TARGETED_DEVICE_FAMILY = "1,2";
				TEST_TARGET_NAME = WallPaperDev;
			};
			name = Release;
		};
/* End XCBuildConfiguration section */

/* Begin XCConfigurationList section */
		5D03ED012328161E006068CB /* Build configuration list for PBXProject "WallPaperDev" */ = {
			isa = XCConfigurationList;
			buildConfigurations = (
				5D03ED2C23281620006068CB /* Debug */,
				5D03ED2D23281620006068CB /* Release */,
			);
			defaultConfigurationIsVisible = 0;
			defaultConfigurationName = Release;
		};
		5D03ED2E23281620006068CB /* Build configuration list for PBXNativeTarget "WallPaperDev" */ = {
			isa = XCConfigurationList;
			buildConfigurations = (
				5D03ED2F23281620006068CB /* Debug */,
				5D03ED3023281620006068CB /* Release */,
			);
			defaultConfigurationIsVisible = 0;
			defaultConfigurationName = Release;
		};
		5D03ED3123281620006068CB /* Build configuration list for PBXNativeTarget "WallPaperDevTests" */ = {
			isa = XCConfigurationList;
			buildConfigurations = (
				5D03ED3223281620006068CB /* Debug */,
				5D03ED3323281620006068CB /* Release */,
			);
			defaultConfigurationIsVisible = 0;
			defaultConfigurationName = Release;
		};
		5D03ED3423281620006068CB /* Build configuration list for PBXNativeTarget "WallPaperDevUITests" */ = {
			isa = XCConfigurationList;
			buildConfigurations = (
				5D03ED3523281620006068CB /* Debug */,
				5D03ED3623281620006068CB /* Release */,
			);
			defaultConfigurationIsVisible = 0;
			defaultConfigurationName = Release;
		};
/* End XCConfigurationList section */
	};
	rootObject = 5D03ECFE2328161E006068CB /* Project object */;
}
