PODS:
  - CropViewController (2.5.2)
  - SwiftFormat/CLI (0.44.10)
  - SwiftLint (0.39.2)

DEPENDENCIES:
  - CropViewController
  - SwiftFormat/CLI
  - SwiftLint

SPEC REPOS:
  trunk:
    - CropViewController
    - SwiftFormat
    - SwiftLint

SPEC CHECKSUMS:
  CropViewController: 1aac40093c5739e60d992b04724a55d12a689a4c
  SwiftFormat: b72e592ea0979aeee53f6052abff291181364933
  SwiftLint: 22ccbbe3b8008684be5955693bab135e0ed6a447

PODFILE CHECKSUM: d6fbf225ae93441816cf75cbe1607b2ac7abeed3

COCOAPODS: 1.8.4
