PODS:
  - CropViewController (2.5.2)
  - SwiftFormat/CLI (0.44.1)
  - SwiftLint (0.38.2)

DEPENDENCIES:
  - CropViewController
  - SwiftFormat/CLI
  - SwiftLint

SPEC REPOS:
  trunk:
    - CropViewController
    - SwiftFormat
    - SwiftLint

SPEC CHECKSUMS:
  CropViewController: 1aac40093c5739e60d992b04724a55d12a689a4c
  SwiftFormat: d367353eca56ef21506bd45b88a0f323ac5a9f5c
  SwiftLint: 8f5d2f903e1c9bcbc832fd16771e80a263ac6cbb

PODFILE CHECKSUM: 55ab9594044264c1dc2024d77c8d96b994d795f3

COCOAPODS: 1.8.4
